
Microsoft Visual Studio Solution File, Format Version 12.00
# Visual Studio Version 16
VisualStudioVersion = 16.0.30804.86
MinimumVisualStudioVersion = 10.0.40219.1
Project("{8BC9CEB8-8B4A-11D0-8D11-00A0C91BC942}") = "machine-mk1", "machine-mk1\machine-mk1.vcxproj", "{F979D1C3-9323-41F7-9C34-F05F7516103A}"
EndProject
Project("{8BC9CEB8-8B4A-11D0-8D11-00A0C91BC942}") = "machine-mk1-core", "core\machine-mk1-core.vcxproj", "{F34866D8-3093-4B44-A225-7DA2B5CD8E83}"
EndProject
Project("{8BC9CEB8-8B4A-11D0-8D11-00A0C91BC942}") = "machine-mk1-math", "math\machine-mk1-math.vcxproj", "{681C50F0-37BF-4661-BF5A-21A29ABF2B63}"
EndProject
Project("{8BC9CEB8-8B4A-11D0-8D11-00A0C91BC942}") = "machine-mk1-input", "input\machine-mk1-input.vcxproj", "{D18EE412-E5AE-4B7B-B291-46231DCA6511}"
EndProject
Project("{8BC9CEB8-8B4A-11D0-8D11-00A0C91BC942}") = "machine-mk1-video", "video\machine-mk1-video.vcxproj", "{EA697F45-B77E-4384-8BF1-6001586E058C}"
EndProject
Project("{8BC9CEB8-8B4A-11D0-8D11-00A0C91BC942}") = "machine-mk1-gdl", "gdl\machine-mk1-gdl.vcxproj", "{A45E158D-8DB9-4D07-9642-A79C583A5DD1}"
EndProject
Project("{8BC9CEB8-8B4A-11D0-8D11-00A0C91BC942}") = "machine-mk1-gdl-test", "gdl-test\gdl-test.vcxproj", "{D9A5876E-A5C4-46A9-904B-696974BADA99}"
EndProject
Project("{8BC9CEB8-8B4A-11D0-8D11-00A0C91BC942}") = "machine-mk1-signals", "signals\machine-mk1-signals.vcxproj", "{849B7DAF-7563-43B6-9131-FDA4995767F0}"
EndProject
Global
	GlobalSection(SolutionConfigurationPlatforms) = preSolution
		Debug|x64 = Debug|x64
		Release|x64 = Release|x64
	EndGlobalSection
	GlobalSection(ProjectConfigurationPlatforms) = postSolution
		{F979D1C3-9323-41F7-9C34-F05F7516103A}.Debug|x64.ActiveCfg = Debug|x64
		{F979D1C3-9323-41F7-9C34-F05F7516103A}.Debug|x64.Build.0 = Debug|x64
		{F979D1C3-9323-41F7-9C34-F05F7516103A}.Release|x64.ActiveCfg = Release|x64
		{F979D1C3-9323-41F7-9C34-F05F7516103A}.Release|x64.Build.0 = Release|x64
		{F34866D8-3093-4B44-A225-7DA2B5CD8E83}.Debug|x64.ActiveCfg = Debug|x64
		{F34866D8-3093-4B44-A225-7DA2B5CD8E83}.Debug|x64.Build.0 = Debug|x64
		{F34866D8-3093-4B44-A225-7DA2B5CD8E83}.Release|x64.ActiveCfg = Release|x64
		{F34866D8-3093-4B44-A225-7DA2B5CD8E83}.Release|x64.Build.0 = Release|x64
		{681C50F0-37BF-4661-BF5A-21A29ABF2B63}.Debug|x64.ActiveCfg = Debug|x64
		{681C50F0-37BF-4661-BF5A-21A29ABF2B63}.Debug|x64.Build.0 = Debug|x64
		{681C50F0-37BF-4661-BF5A-21A29ABF2B63}.Release|x64.ActiveCfg = Release|x64
		{681C50F0-37BF-4661-BF5A-21A29ABF2B63}.Release|x64.Build.0 = Release|x64
		{D18EE412-E5AE-4B7B-B291-46231DCA6511}.Debug|x64.ActiveCfg = Debug|x64
		{D18EE412-E5AE-4B7B-B291-46231DCA6511}.Debug|x64.Build.0 = Debug|x64
		{D18EE412-E5AE-4B7B-B291-46231DCA6511}.Release|x64.ActiveCfg = Release|x64
		{D18EE412-E5AE-4B7B-B291-46231DCA6511}.Release|x64.Build.0 = Release|x64
		{EA697F45-B77E-4384-8BF1-6001586E058C}.Debug|x64.ActiveCfg = Debug|x64
		{EA697F45-B77E-4384-8BF1-6001586E058C}.Debug|x64.Build.0 = Debug|x64
		{EA697F45-B77E-4384-8BF1-6001586E058C}.Release|x64.ActiveCfg = Release|x64
		{EA697F45-B77E-4384-8BF1-6001586E058C}.Release|x64.Build.0 = Release|x64
		{A45E158D-8DB9-4D07-9642-A79C583A5DD1}.Debug|x64.ActiveCfg = Debug|x64
		{A45E158D-8DB9-4D07-9642-A79C583A5DD1}.Debug|x64.Build.0 = Debug|x64
		{A45E158D-8DB9-4D07-9642-A79C583A5DD1}.Release|x64.ActiveCfg = Release|x64
		{A45E158D-8DB9-4D07-9642-A79C583A5DD1}.Release|x64.Build.0 = Release|x64
		{D9A5876E-A5C4-46A9-904B-696974BADA99}.Debug|x64.ActiveCfg = Debug|x64
		{D9A5876E-A5C4-46A9-904B-696974BADA99}.Debug|x64.Build.0 = Debug|x64
		{D9A5876E-A5C4-46A9-904B-696974BADA99}.Release|x64.ActiveCfg = Release|x64
		{D9A5876E-A5C4-46A9-904B-696974BADA99}.Release|x64.Build.0 = Release|x64
		{849B7DAF-7563-43B6-9131-FDA4995767F0}.Debug|x64.ActiveCfg = Debug|x64
		{849B7DAF-7563-43B6-9131-FDA4995767F0}.Debug|x64.Build.0 = Debug|x64
		{849B7DAF-7563-43B6-9131-FDA4995767F0}.Release|x64.ActiveCfg = Release|x64
		{849B7DAF-7563-43B6-9131-FDA4995767F0}.Release|x64.Build.0 = Release|x64
	EndGlobalSection
	GlobalSection(SolutionProperties) = preSolution
		HideSolutionNode = FALSE
	EndGlobalSection
	GlobalSection(ExtensibilityGlobals) = postSolution
		SolutionGuid = {0B435C73-7861-4C3E-B9A3-C9BD14EA6D9F}
	EndGlobalSection
EndGlobal
