<?xml version="1.0" encoding="utf-8"?>
<Project ToolsVersion="4.0" xmlns="http://schemas.microsoft.com/developer/msbuild/2003">
  <ItemGroup>
    <Filter Include="Quelldateien">
      <UniqueIdentifier>{4FC737F1-C7A5-4376-A066-2A32D752A2FF}</UniqueIdentifier>
      <Extensions>cpp;c;cc;cxx;c++;cppm;ixx;def;odl;idl;hpj;bat;asm;asmx</Extensions>
    </Filter>
    <Filter Include="Headerdateien">
      <UniqueIdentifier>{93995380-89BD-4b04-88EB-625FBE52EBFB}</UniqueIdentifier>
      <Extensions>h;hh;hpp;hxx;h++;hm;inl;inc;ipp;xsd</Extensions>
    </Filter>
    <Filter Include="Ressourcendateien">
      <UniqueIdentifier>{67DA6AB6-F800-4c08-8B7A-83BB121AAD01}</UniqueIdentifier>
      <Extensions>rc;ico;cur;bmp;dlg;rc2;rct;bin;rgs;gif;jpg;jpeg;jpe;resx;tiff;tif;png;wav;mfcribbon-ms</Extensions>
    </Filter>
    <Filter Include="Headerdateien\Ring3">
      <UniqueIdentifier>{130f04e2-b769-4dbf-8ff5-5c2bd1a4e0bd}</UniqueIdentifier>
    </Filter>
    <Filter Include="Quelldateien\Ring3">
      <UniqueIdentifier>{c9279414-ee08-4f0d-ab51-dc270a9383f3}</UniqueIdentifier>
    </Filter>
    <Filter Include="Headerdateien\Ring3\Visuals">
      <UniqueIdentifier>{6542d882-6aa1-467e-91d0-0b13183c9878}</UniqueIdentifier>
    </Filter>
    <Filter Include="Quelldateien\Ring3\Visuals">
      <UniqueIdentifier>{81ded2be-d177-442d-be19-8b8e3a5872aa}</UniqueIdentifier>
    </Filter>
  </ItemGroup>
  <ItemGroup>
    <ClInclude Include="Ring3\Visuals\_Include.h">
      <Filter>Headerdateien\Ring3\Visuals</Filter>
    </ClInclude>
    <ClInclude Include="Ring3\Visuals\BlendFunction.h">
      <Filter>Headerdateien\Ring3\Visuals</Filter>
    </ClInclude>
    <ClInclude Include="Ring3\Visuals\CanvasSizeChangedEvent.h">
      <Filter>Headerdateien\Ring3\Visuals</Filter>
    </ClInclude>
    <ClInclude Include="Ring3\Visuals\DepthTestFunction.h">
      <Filter>Headerdateien\Ring3\Visuals</Filter>
    </ClInclude>
    <ClInclude Include="Ring3\Visuals\PixelFormat.h">
      <Filter>Headerdateien\Ring3\Visuals</Filter>
    </ClInclude>
    <ClInclude Include="Ring3\Visuals\VertexElementSemantics.h">
      <Filter>Headerdateien\Ring3\Visuals</Filter>
    </ClInclude>
    <ClInclude Include="Ring3\Visuals\MaterialBuilder.h">
      <Filter>Headerdateien\Ring3\Visuals</Filter>
    </ClInclude>
    <ClInclude Include="Ring3\Visuals\DefaultMaterialBuilder.h">
      <Filter>Headerdateien\Ring3\Visuals</Filter>
    </ClInclude>
    <ClInclude Include="Ring3\Visuals\Material.h">
      <Filter>Headerdateien\Ring3\Visuals</Filter>
    </ClInclude>
    <ClInclude Include="Ring3\Visuals\Material.protected.h">
      <Filter>Headerdateien\Ring3\Visuals</Filter>
    </ClInclude>
    <ClInclude Include="Ring3\Visuals\GpuProgramInputKind.h">
      <Filter>Headerdateien\Ring3\Visuals</Filter>
    </ClInclude>
    <ClInclude Include="Ring3\Visuals\GpuProgramInputType.h">
      <Filter>Headerdateien\Ring3\Visuals</Filter>
    </ClInclude>
    <ClInclude Include="Ring3\Visuals\GpuProgramKind.h">
      <Filter>Headerdateien\Ring3\Visuals</Filter>
    </ClInclude>
    <ClInclude Include="Ring3\Visuals\GpuProgramInputDescriptor.h">
      <Filter>Headerdateien\Ring3\Visuals</Filter>
    </ClInclude>
    <ClInclude Include="Ring3\Visuals\VertexDescriptor.h">
      <Filter>Headerdateien\Ring3\Visuals</Filter>
    </ClInclude>
    <ClInclude Include="Ring3\Visuals\VertexElementDescriptor.h">
      <Filter>Headerdateien\Ring3\Visuals</Filter>
    </ClInclude>
  </ItemGroup>
  <ItemGroup>
    <ClCompile Include="Ring3\Visuals\_Include.c">
      <Filter>Quelldateien\Ring3\Visuals</Filter>
    </ClCompile>
    <ClCompile Include="Ring3\Visuals\BlendFunction.c">
      <Filter>Quelldateien\Ring3\Visuals</Filter>
    </ClCompile>
    <ClCompile Include="Ring3\Visuals\CanvasSizeChangedEvent.c">
      <Filter>Quelldateien\Ring3\Visuals</Filter>
    </ClCompile>
    <ClCompile Include="Ring3\Visuals\DepthTestFunction.c">
      <Filter>Quelldateien\Ring3\Visuals</Filter>
    </ClCompile>
    <ClCompile Include="Ring3\Visuals\PixelFormat.c">
      <Filter>Quelldateien\Ring3\Visuals</Filter>
    </ClCompile>
    <ClCompile Include="Ring3\Visuals\VertexElementSemantics.c">
      <Filter>Quelldateien\Ring3\Visuals</Filter>
    </ClCompile>
    <ClCompile Include="Ring3\Visuals\MaterialBuilder.c">
      <Filter>Quelldateien\Ring3\Visuals</Filter>
    </ClCompile>
    <ClCompile Include="Ring3\Visuals\DefaultMaterialBuilder.c">
      <Filter>Quelldateien\Ring3\Visuals</Filter>
    </ClCompile>
    <ClCompile Include="Ring3\Visuals\Material.c">
      <Filter>Quelldateien\Ring3\Visuals</Filter>
    </ClCompile>
    <ClCompile Include="Ring3\Visuals\Material.protected.c">
      <Filter>Quelldateien\Ring3\Visuals</Filter>
    </ClCompile>
    <ClCompile Include="Ring3\Visuals\GpuProgramInputKind.c">
      <Filter>Quelldateien\Ring3\Visuals</Filter>
    </ClCompile>
    <ClCompile Include="Ring3\Visuals\GpuProgramInputType.c">
      <Filter>Quelldateien\Ring3\Visuals</Filter>
    </ClCompile>
    <ClCompile Include="Ring3\Visuals\GpuProgramKind.c">
      <Filter>Quelldateien\Ring3\Visuals</Filter>
    </ClCompile>
    <ClCompile Include="Ring3\Visuals\GpuProgramInputDescriptor.c">
      <Filter>Quelldateien\Ring3\Visuals</Filter>
    </ClCompile>
    <ClCompile Include="Ring3\Visuals\VertexDescriptor.c">
      <Filter>Quelldateien\Ring3\Visuals</Filter>
    </ClCompile>
    <ClCompile Include="Ring3\Visuals\VertexElementDescriptor.c">
      <Filter>Quelldateien\Ring3\Visuals</Filter>
    </ClCompile>
  </ItemGroup>
</Project>