<?xml version="1.0" encoding="utf-8"?>
<Project ToolsVersion="4.0" xmlns="http://schemas.microsoft.com/developer/msbuild/2003">
  <ItemGroup>
    <Filter Include="Quelldateien">
      <UniqueIdentifier>{4FC737F1-C7A5-4376-A066-2A32D752A2FF}</UniqueIdentifier>
      <Extensions>cpp;c;cc;cxx;c++;cppm;ixx;def;odl;idl;hpj;bat;asm;asmx</Extensions>
    </Filter>
    <Filter Include="Headerdateien">
      <UniqueIdentifier>{93995380-89BD-4b04-88EB-625FBE52EBFB}</UniqueIdentifier>
      <Extensions>h;hh;hpp;hxx;h++;hm;inl;inc;ipp;xsd</Extensions>
    </Filter>
    <Filter Include="Ressourcendateien">
      <UniqueIdentifier>{67DA6AB6-F800-4c08-8B7A-83BB121AAD01}</UniqueIdentifier>
      <Extensions>rc;ico;cur;bmp;dlg;rc2;rct;bin;rgs;gif;jpg;jpeg;jpe;resx;tiff;tif;png;wav;mfcribbon-ms</Extensions>
    </Filter>
    <Filter Include="Headerdateien\Text">
      <UniqueIdentifier>{78b19d05-7333-492a-a39d-c49877138b2a}</UniqueIdentifier>
    </Filter>
    <Filter Include="Quelldateien\Text">
      <UniqueIdentifier>{7fb3eb57-ead2-4b86-b321-8887aa2790b1}</UniqueIdentifier>
    </Filter>
    <Filter Include="Quelldateien\Video">
      <UniqueIdentifier>{fd2b0400-64b9-4b21-a31f-1019e07dbaef}</UniqueIdentifier>
    </Filter>
    <Filter Include="Headerdateien\Video">
      <UniqueIdentifier>{7fc904fb-b93e-4398-9811-486b0de8278f}</UniqueIdentifier>
    </Filter>
    <Filter Include="Headerdateien\Scenes">
      <UniqueIdentifier>{5216b1ae-3fa7-46f9-8ad2-148bc513316c}</UniqueIdentifier>
    </Filter>
    <Filter Include="Quelldateien\Scenes">
      <UniqueIdentifier>{62d7f894-cf69-402e-b5b0-9f570c67670e}</UniqueIdentifier>
    </Filter>
    <Filter Include="Headerdateien\Gui">
      <UniqueIdentifier>{b13bf37e-a3ec-4965-8bfb-749f841012ad}</UniqueIdentifier>
    </Filter>
    <Filter Include="Headerdateien\Gui\Signals">
      <UniqueIdentifier>{d85f67c8-4a00-4bc0-95c9-6e2031385d31}</UniqueIdentifier>
    </Filter>
    <Filter Include="Headerdateien\Gui\Gdl">
      <UniqueIdentifier>{2bd23f27-1712-4f30-baf9-c43598b63859}</UniqueIdentifier>
    </Filter>
    <Filter Include="Headerdateien\Gui\Reader">
      <UniqueIdentifier>{00977785-e386-49d0-8f2c-d46a3f0434bd}</UniqueIdentifier>
    </Filter>
    <Filter Include="Quelldateien\Gui">
      <UniqueIdentifier>{dbdb8879-7fb4-4c39-8dec-c75157e42509}</UniqueIdentifier>
    </Filter>
    <Filter Include="Quelldateien\Gui\Signals">
      <UniqueIdentifier>{85d38e54-5461-489d-a5fa-1115a659bac2}</UniqueIdentifier>
    </Filter>
    <Filter Include="Quelldateien\Gui\Gdl">
      <UniqueIdentifier>{f491aa1b-4ce9-4869-b3cb-db4122bf885f}</UniqueIdentifier>
    </Filter>
    <Filter Include="Quelldateien\Gui\Reader">
      <UniqueIdentifier>{602ddd12-7555-4307-b573-e17ce395b327}</UniqueIdentifier>
    </Filter>
  </ItemGroup>
  <ItemGroup>
    <ClCompile Include="Main.c">
      <Filter>Quelldateien</Filter>
    </ClCompile>
    <ClCompile Include="Scene1.c">
      <Filter>Quelldateien</Filter>
    </ClCompile>
    <ClCompile Include="Scene.c">
      <Filter>Quelldateien</Filter>
    </ClCompile>
    <ClCompile Include="Scene2.c">
      <Filter>Quelldateien</Filter>
    </ClCompile>
    <ClCompile Include="Scene3.c">
      <Filter>Quelldateien</Filter>
    </ClCompile>
    <ClCompile Include="Scene5.c">
      <Filter>Quelldateien</Filter>
    </ClCompile>
    <ClCompile Include="Text\LayoutLine.c">
      <Filter>Quelldateien\Text</Filter>
    </ClCompile>
    <ClCompile Include="Text\Layout.c">
      <Filter>Quelldateien\Text</Filter>
    </ClCompile>
    <ClCompile Include="Video.c">
      <Filter>Quelldateien</Filter>
    </ClCompile>
    <ClCompile Include="Gui\TextLabel.c">
      <Filter>Quelldateien\Gui</Filter>
    </ClCompile>
    <ClCompile Include="Scene4.c">
      <Filter>Quelldateien</Filter>
    </ClCompile>
    <ClCompile Include="Gui\Border.c">
      <Filter>Quelldateien\Gui</Filter>
    </ClCompile>
    <ClCompile Include="Gui\Widget.c">
      <Filter>Quelldateien\Gui</Filter>
    </ClCompile>
    <ClCompile Include="Gui\TextButton.c">
      <Filter>Quelldateien\Gui</Filter>
    </ClCompile>
    <ClCompile Include="Gui\WidgetList.c">
      <Filter>Quelldateien\Gui</Filter>
    </ClCompile>
    <ClCompile Include="Gui\BorderModel.c">
      <Filter>Quelldateien\Gui</Filter>
    </ClCompile>
    <ClCompile Include="Gui\Group.c">
      <Filter>Quelldateien\Gui</Filter>
    </ClCompile>
    <ClCompile Include="Gui\Signals\Context.c">
      <Filter>Quelldateien\Gui\Signals</Filter>
    </ClCompile>
    <ClCompile Include="_Gui.c">
      <Filter>Quelldateien</Filter>
    </ClCompile>
    <ClCompile Include="Gui\GDL\Context.c">
      <Filter>Quelldateien\Gui\Gdl</Filter>
    </ClCompile>
    <ClCompile Include="Gui\GDL\Context.c">
      <Filter>Quelldateien\Gui\GDL</Filter>
    </ClCompile>
    <ClCompile Include="Gui\Context.c">
      <Filter>Quelldateien\Gui</Filter>
    </ClCompile>
    <ClCompile Include="Gui\LayoutModel.c">
      <Filter>Quelldateien\Gui</Filter>
    </ClCompile>
    <ClCompile Include="Gui\GDL\ValueToReal.c">
      <Filter>Quelldateien\Gui\Gdl</Filter>
    </ClCompile>
    <ClCompile Include="Gui\GDL\ListToVector.c">
      <Filter>Quelldateien\Gui\Gdl</Filter>
    </ClCompile>
    <ClCompile Include="Gui\Reader\Reader.c">
      <Filter>Quelldateien\Gui\Reader</Filter>
    </ClCompile>
    <ClCompile Include="Gui\Reader\Reader.package.c">
      <Filter>Quelldateien\Gui\Reader</Filter>
    </ClCompile>
    <ClCompile Include="Scenes\Rectangle2Scene.c">
      <Filter>Quelldateien\Scenes</Filter>
    </ClCompile>
    <ClCompile Include="Scenes\LayoutScene.c">
      <Filter>Quelldateien\Scenes</Filter>
    </ClCompile>
  </ItemGroup>
  <ItemGroup>
    <ClInclude Include="Scene1.h">
      <Filter>Headerdateien</Filter>
    </ClInclude>
    <ClInclude Include="Scene.h">
      <Filter>Headerdateien</Filter>
    </ClInclude>
    <ClInclude Include="Scene2.h">
      <Filter>Headerdateien</Filter>
    </ClInclude>
    <ClInclude Include="Scene3.h">
      <Filter>Headerdateien</Filter>
    </ClInclude>
    <ClInclude Include="Scene5.h">
      <Filter>Headerdateien</Filter>
    </ClInclude>
    <ClInclude Include="Text\LayoutLine.h">
      <Filter>Headerdateien\Text</Filter>
    </ClInclude>
    <ClInclude Include="Text\Layout.h">
      <Filter>Headerdateien\Text</Filter>
    </ClInclude>
    <ClInclude Include="Video.h">
      <Filter>Headerdateien</Filter>
    </ClInclude>
    <ClInclude Include="Gui\TextLabel.h">
      <Filter>Headerdateien\Gui</Filter>
    </ClInclude>
    <ClInclude Include="Scene4.h">
      <Filter>Headerdateien</Filter>
    </ClInclude>
    <ClInclude Include="Gui\Border.h">
      <Filter>Headerdateien\Gui</Filter>
    </ClInclude>
    <ClInclude Include="Gui\Widget.h">
      <Filter>Headerdateien\Gui</Filter>
    </ClInclude>
    <ClInclude Include="Gui\TextButton.h">
      <Filter>Headerdateien\Gui</Filter>
    </ClInclude>
    <ClInclude Include="Gui\WidgetList.h">
      <Filter>Headerdateien\Gui</Filter>
    </ClInclude>
    <ClInclude Include="Gui\BorderModel.h">
      <Filter>Headerdateien\Gui</Filter>
    </ClInclude>
    <ClInclude Include="Gui\Group.h">
      <Filter>Headerdateien\Gui</Filter>
    </ClInclude>
    <ClInclude Include="Gui\Signals\Context.h">
      <Filter>Headerdateien\Gui\Signals</Filter>
    </ClInclude>
    <ClInclude Include="_Gui.h">
      <Filter>Headerdateien</Filter>
    </ClInclude>
    <ClInclude Include="Gui\GDL\Context.h">
      <Filter>Headerdateien\Gui\Gdl</Filter>
    </ClInclude>
    <ClInclude Include="Gui\Context.h">
      <Filter>Headerdateien\Gui</Filter>
    </ClInclude>
    <ClInclude Include="Gui\LayoutModel.h">
      <Filter>Headerdateien\Gui</Filter>
    </ClInclude>
    <ClInclude Include="Gui\GDL\ValueToReal.h">
      <Filter>Headerdateien\Gui\Gdl</Filter>
    </ClInclude>
    <ClInclude Include="Gui\GDL\ListToVector.h">
      <Filter>Headerdateien\Gui\Gdl</Filter>
    </ClInclude>
    <ClInclude Include="Gui\Reader\Reader.h">
      <Filter>Headerdateien\Gui\Reader</Filter>
    </ClInclude>
    <ClInclude Include="Gui\Reader\Reader.package.h">
      <Filter>Headerdateien\Gui\Reader</Filter>
    </ClInclude>
    <ClInclude Include="Scenes\Rectangle2Scene.h">
      <Filter>Headerdateien\Scenes</Filter>
    </ClInclude>
    <ClInclude Include="Scenes\LayoutScene.h">
      <Filter>Headerdateien\Scenes</Filter>
    </ClInclude>
  </ItemGroup>
  <ItemGroup>
    <None Include="Gui\Signals\Context.i">
      <Filter>Quelldateien\Gui\Signals</Filter>
    </None>
    <None Include="Gui\GDL\Context.i">
      <Filter>Quelldateien\Gui\Gdl</Filter>
    </None>
  </ItemGroup>
</Project>