<?xml version="1.0" encoding="utf-8"?>
<Project ToolsVersion="4.0" xmlns="http://schemas.microsoft.com/developer/msbuild/2003">
  <ItemGroup>
    <Filter Include="Quelldateien">
      <UniqueIdentifier>{4FC737F1-C7A5-4376-A066-2A32D752A2FF}</UniqueIdentifier>
      <Extensions>cpp;c;cc;cxx;c++;cppm;ixx;def;odl;idl;hpj;bat;asm;asmx</Extensions>
    </Filter>
    <Filter Include="Headerdateien">
      <UniqueIdentifier>{93995380-89BD-4b04-88EB-625FBE52EBFB}</UniqueIdentifier>
      <Extensions>h;hh;hpp;hxx;h++;hm;inl;inc;ipp;xsd</Extensions>
    </Filter>
    <Filter Include="Ressourcendateien">
      <UniqueIdentifier>{67DA6AB6-F800-4c08-8B7A-83BB121AAD01}</UniqueIdentifier>
      <Extensions>rc;ico;cur;bmp;dlg;rc2;rct;bin;rgs;gif;jpg;jpeg;jpe;resx;tiff;tif;png;wav;mfcribbon-ms</Extensions>
    </Filter>
    <Filter Include="Headerdateien\Ring3">
      <UniqueIdentifier>{f03bc2c9-fe08-44b2-8871-576798b83133}</UniqueIdentifier>
    </Filter>
    <Filter Include="Quelldateien\Ring3">
      <UniqueIdentifier>{a2c84bdd-d3e9-4327-8224-0ab37010a346}</UniqueIdentifier>
    </Filter>
    <Filter Include="Headerdateien\Ring3\Graphics2">
      <UniqueIdentifier>{638052dd-d0cd-4647-b629-6cf151d9462d}</UniqueIdentifier>
    </Filter>
    <Filter Include="Quelldateien\Ring3\Graphics2">
      <UniqueIdentifier>{faede18f-cc51-41de-bf6e-069bb2401551}</UniqueIdentifier>
    </Filter>
  </ItemGroup>
  <ItemGroup>
    <ClInclude Include="Ring3\Graphics2\_Include.h">
      <Filter>Headerdateien\Ring3\Graphics2</Filter>
    </ClInclude>
    <ClInclude Include="Ring3\Graphics2\Context.h">
      <Filter>Headerdateien\Ring3\Graphics2</Filter>
    </ClInclude>
    <ClInclude Include="Ring3\Graphics2\Rectangle.h">
      <Filter>Headerdateien\Ring3\Graphics2</Filter>
    </ClInclude>
    <ClInclude Include="Ring3\Graphics2\Shape.h">
      <Filter>Headerdateien\Ring3\Graphics2</Filter>
    </ClInclude>
  </ItemGroup>
  <ItemGroup>
    <ClCompile Include="Ring3\Graphics2\_Include.c">
      <Filter>Quelldateien\Ring3\Graphics2</Filter>
    </ClCompile>
    <ClCompile Include="Ring3\Graphics2\Context.c">
      <Filter>Quelldateien\Ring3\Graphics2</Filter>
    </ClCompile>
    <ClCompile Include="Ring3\Graphics2\Rectangle.c">
      <Filter>Quelldateien\Ring3\Graphics2</Filter>
    </ClCompile>
    <ClCompile Include="Ring3\Graphics2\Shape.c">
      <Filter>Quelldateien\Ring3\Graphics2</Filter>
    </ClCompile>
  </ItemGroup>
</Project>