<?xml version="1.0" encoding="utf-8"?>
<Project ToolsVersion="4.0" xmlns="http://schemas.microsoft.com/developer/msbuild/2003">
  <ItemGroup>
    <Filter Include="Quelldateien">
      <UniqueIdentifier>{4FC737F1-C7A5-4376-A066-2A32D752A2FF}</UniqueIdentifier>
      <Extensions>cpp;c;cc;cxx;c++;cppm;ixx;def;odl;idl;hpj;bat;asm;asmx</Extensions>
    </Filter>
    <Filter Include="Headerdateien">
      <UniqueIdentifier>{93995380-89BD-4b04-88EB-625FBE52EBFB}</UniqueIdentifier>
      <Extensions>h;hh;hpp;hxx;h++;hm;inl;inc;ipp;xsd</Extensions>
    </Filter>
    <Filter Include="Ressourcendateien">
      <UniqueIdentifier>{67DA6AB6-F800-4c08-8B7A-83BB121AAD01}</UniqueIdentifier>
      <Extensions>rc;ico;cur;bmp;dlg;rc2;rct;bin;rgs;gif;jpg;jpeg;jpe;resx;tiff;tif;png;wav;mfcribbon-ms</Extensions>
    </Filter>
    <Filter Include="Headerdateien\Runtime">
      <UniqueIdentifier>{63b42912-e12f-4727-a93d-c06cf4b310d8}</UniqueIdentifier>
    </Filter>
    <Filter Include="Quelldateien\Runtime">
      <UniqueIdentifier>{f40b0be6-7171-4e7e-a276-f05094bbbcb3}</UniqueIdentifier>
    </Filter>
  </ItemGroup>
  <ItemGroup>
    <ClCompile Include="Machine.c">
      <Filter>Quelldateien</Filter>
    </ClCompile>
    <ClCompile Include="_Runtime.c">
      <Filter>Quelldateien</Filter>
    </ClCompile>
    <ClCompile Include="Runtime\PointerArray.c">
      <Filter>Quelldateien\Runtime</Filter>
    </ClCompile>
    <ClCompile Include="Runtime\StringBuffer.c">
      <Filter>Quelldateien\Runtime</Filter>
    </ClCompile>
    <ClCompile Include="Runtime\List.c">
      <Filter>Quelldateien\Runtime</Filter>
    </ClCompile>
    <ClCompile Include="Runtime\Map.c">
      <Filter>Quelldateien\Runtime</Filter>
    </ClCompile>
    <ClCompile Include="Runtime\Collection.c">
      <Filter>Quelldateien\Runtime</Filter>
    </ClCompile>
    <ClCompile Include="Runtime\ByteBuffer.c">
      <Filter>Quelldateien\Runtime</Filter>
    </ClCompile>
    <ClCompile Include="Runtime\PrimitiveTypes.c">
      <Filter>Quelldateien\Runtime</Filter>
    </ClCompile>
    <ClCompile Include="Runtime\Status.c">
      <Filter>Quelldateien\Runtime</Filter>
    </ClCompile>
    <ClCompile Include="Runtime\String.c">
      <Filter>Quelldateien\Runtime</Filter>
    </ClCompile>
    <ClCompile Include="Runtime\IO.c">
      <Filter>Quelldateien\Runtime</Filter>
    </ClCompile>
  </ItemGroup>
  <ItemGroup>
    <ClInclude Include="Machine.h">
      <Filter>Headerdateien</Filter>
    </ClInclude>
    <ClInclude Include="_Runtime.h">
      <Filter>Headerdateien</Filter>
    </ClInclude>
    <ClInclude Include="Runtime\PointerArray.h">
      <Filter>Headerdateien\Runtime</Filter>
    </ClInclude>
    <ClInclude Include="Runtime\StringBuffer.h">
      <Filter>Headerdateien\Runtime</Filter>
    </ClInclude>
    <ClInclude Include="Runtime\List.h">
      <Filter>Headerdateien\Runtime</Filter>
    </ClInclude>
    <ClInclude Include="Runtime\Map.h">
      <Filter>Headerdateien\Runtime</Filter>
    </ClInclude>
    <ClInclude Include="Runtime\Collection.h">
      <Filter>Headerdateien\Runtime</Filter>
    </ClInclude>
    <ClInclude Include="Runtime\ByteBuffer.h">
      <Filter>Headerdateien\Runtime</Filter>
    </ClInclude>
    <ClInclude Include="Runtime\PrimitiveTypes.h">
      <Filter>Headerdateien\Runtime</Filter>
    </ClInclude>
    <ClInclude Include="Runtime\Status.h">
      <Filter>Headerdateien\Runtime</Filter>
    </ClInclude>
    <ClInclude Include="Runtime\String.h">
      <Filter>Headerdateien\Runtime</Filter>
    </ClInclude>
    <ClInclude Include="Runtime\IO.h">
      <Filter>Headerdateien\Runtime</Filter>
    </ClInclude>
  </ItemGroup>
</Project>