<?xml version="1.0" encoding="utf-8"?>
<Project ToolsVersion="4.0" xmlns="http://schemas.microsoft.com/developer/msbuild/2003">
  <ItemGroup>
    <Filter Include="Quelldateien">
      <UniqueIdentifier>{4FC737F1-C7A5-4376-A066-2A32D752A2FF}</UniqueIdentifier>
      <Extensions>cpp;c;cc;cxx;c++;cppm;ixx;def;odl;idl;hpj;bat;asm;asmx</Extensions>
    </Filter>
    <Filter Include="Headerdateien">
      <UniqueIdentifier>{93995380-89BD-4b04-88EB-625FBE52EBFB}</UniqueIdentifier>
      <Extensions>h;hh;hpp;hxx;h++;hm;inl;inc;ipp;xsd</Extensions>
    </Filter>
    <Filter Include="Ressourcendateien">
      <UniqueIdentifier>{67DA6AB6-F800-4c08-8B7A-83BB121AAD01}</UniqueIdentifier>
      <Extensions>rc;ico;cur;bmp;dlg;rc2;rct;bin;rgs;gif;jpg;jpeg;jpe;resx;tiff;tif;png;wav;mfcribbon-ms</Extensions>
    </Filter>
    <Filter Include="Headerdateien\external">
      <UniqueIdentifier>{bae8c362-62d9-4eaf-89df-2fa22919ece1}</UniqueIdentifier>
    </Filter>
    <Filter Include="Quelldateien\external">
      <UniqueIdentifier>{c6fb4d3a-0dd3-4dbd-b40d-33f1d1bdd16a}</UniqueIdentifier>
    </Filter>
    <Filter Include="Quelldateien\external\glad">
      <UniqueIdentifier>{67709399-5ea1-4f07-8683-2ea02bbdc44a}</UniqueIdentifier>
    </Filter>
    <Filter Include="Headerdateien\external\glad">
      <UniqueIdentifier>{bd4d4141-3a93-4586-9675-9cd71f3f192c}</UniqueIdentifier>
    </Filter>
    <Filter Include="Headerdateien\Ring3">
      <UniqueIdentifier>{c1219b1d-c373-4c03-bb37-1f7afc399fed}</UniqueIdentifier>
    </Filter>
    <Filter Include="Headerdateien\Ring3\Visuals">
      <UniqueIdentifier>{41fbd527-e65a-4b87-b8e0-692c38402a93}</UniqueIdentifier>
    </Filter>
    <Filter Include="Headerdateien\Ring3\Visuals\Gl">
      <UniqueIdentifier>{3d71d54a-33e7-4ec2-b4a0-3053f2b6cf6b}</UniqueIdentifier>
    </Filter>
    <Filter Include="Quelldateien\Ring3">
      <UniqueIdentifier>{4fcbac0a-833a-4aae-a5e7-7c11bc194c47}</UniqueIdentifier>
    </Filter>
    <Filter Include="Quelldateien\Ring3\Visuals">
      <UniqueIdentifier>{9ae4943b-b507-4cc8-8390-8118df9ea4d2}</UniqueIdentifier>
    </Filter>
    <Filter Include="Quelldateien\Ring3\Visuals\Gl">
      <UniqueIdentifier>{5df21693-eb06-45fd-9d6f-dce518b42df4}</UniqueIdentifier>
    </Filter>
    <Filter Include="Headerdateien\Ring3\Visuals\Gl\Input">
      <UniqueIdentifier>{78bda289-c1f8-422e-92ff-b7fcc2920eae}</UniqueIdentifier>
    </Filter>
    <Filter Include="Quelldateien\Ring3\Visuals\Gl\Input">
      <UniqueIdentifier>{2d00d6f5-0cf2-454c-92cd-35120eb5af0e}</UniqueIdentifier>
    </Filter>
    <Filter Include="Headerdateien\Ring3\Visuals\Gl\Amd">
      <UniqueIdentifier>{3465f098-d5a4-4f4c-9e25-e6851dea5ab1}</UniqueIdentifier>
    </Filter>
    <Filter Include="Headerdateien\Ring3\Visuals\Gl\Nvidia">
      <UniqueIdentifier>{7343f7a2-f1a2-496e-909a-09aa357ac165}</UniqueIdentifier>
    </Filter>
  </ItemGroup>
  <ItemGroup>
    <ClInclude Include="Sources\Ring3\Visuals\Gl\_Include.h">
      <Filter>Headerdateien\Ring3\Visuals\Gl</Filter>
    </ClInclude>
    <ClInclude Include="Sources\Ring3\Visuals\Gl\Binding.h">
      <Filter>Headerdateien\Ring3\Visuals\Gl</Filter>
    </ClInclude>
    <ClInclude Include="Sources\Ring3\Visuals\Gl\Buffer.h">
      <Filter>Headerdateien\Ring3\Visuals\Gl</Filter>
    </ClInclude>
    <ClInclude Include="Sources\Ring3\Visuals\Gl\Canvas.h">
      <Filter>Headerdateien\Ring3\Visuals\Gl</Filter>
    </ClInclude>
    <ClInclude Include="Sources\Ring3\Visuals\Gl\Canvas.package.h">
      <Filter>Headerdateien\Ring3\Visuals\Gl</Filter>
    </ClInclude>
    <ClInclude Include="Sources\Ring3\Visuals\Gl\Configuration.h">
      <Filter>Headerdateien\Ring3\Visuals\Gl</Filter>
    </ClInclude>
    <ClInclude Include="Sources\Ring3\Visuals\Gl\ShaderProgram.h">
      <Filter>Headerdateien\Ring3\Visuals\Gl</Filter>
    </ClInclude>
    <ClInclude Include="Sources\Ring3\Visuals\Gl\Texture.h">
      <Filter>Headerdateien\Ring3\Visuals\Gl</Filter>
    </ClInclude>
    <ClInclude Include="Sources\Ring3\Visuals\Gl\UtilitiesGL.h">
      <Filter>Headerdateien\Ring3\Visuals\Gl</Filter>
    </ClInclude>
    <ClInclude Include="Sources\Ring3\Visuals\Gl\VideoContext.h">
      <Filter>Headerdateien\Ring3\Visuals\Gl</Filter>
    </ClInclude>
    <ClInclude Include="Sources\Ring3\Visuals\Gl\Input\_Include.h">
      <Filter>Headerdateien\Ring3\Visuals\Gl\Input</Filter>
    </ClInclude>
    <ClInclude Include="Sources\Ring3\Visuals\Gl\Input\Keyboard.h">
      <Filter>Headerdateien\Ring3\Visuals\Gl\Input</Filter>
    </ClInclude>
    <ClInclude Include="Sources\Ring3\Visuals\Gl\Input\MouseButton.h">
      <Filter>Headerdateien\Ring3\Visuals\Gl\Input</Filter>
    </ClInclude>
    <ClInclude Include="Sources\Ring3\Visuals\Gl\Input\MousePointer.h">
      <Filter>Headerdateien\Ring3\Visuals\Gl\Input</Filter>
    </ClInclude>
    <ClInclude Include="external\glad\include\glad\glad.h">
      <Filter>Headerdateien\external\glad</Filter>
    </ClInclude>
  </ItemGroup>
  <ItemGroup>
    <ClCompile Include="Sources\Ring3\Visuals\Gl\_Include.c">
      <Filter>Quelldateien\Ring3\Visuals\Gl</Filter>
    </ClCompile>
    <ClCompile Include="Sources\Ring3\Visuals\Gl\Binding.c">
      <Filter>Quelldateien\Ring3\Visuals\Gl</Filter>
    </ClCompile>
    <ClCompile Include="Sources\Ring3\Visuals\Gl\Buffer.c">
      <Filter>Quelldateien\Ring3\Visuals\Gl</Filter>
    </ClCompile>
    <ClCompile Include="Sources\Ring3\Visuals\Gl\Canvas.c">
      <Filter>Quelldateien\Ring3\Visuals\Gl</Filter>
    </ClCompile>
    <ClCompile Include="Sources\Ring3\Visuals\Gl\Canvas.package.c">
      <Filter>Quelldateien\Ring3\Visuals\Gl</Filter>
    </ClCompile>
    <ClCompile Include="Sources\Ring3\Visuals\Gl\ShaderProgram.c">
      <Filter>Quelldateien\Ring3\Visuals\Gl</Filter>
    </ClCompile>
    <ClCompile Include="Sources\Ring3\Visuals\Gl\Texture.c">
      <Filter>Quelldateien\Ring3\Visuals\Gl</Filter>
    </ClCompile>
    <ClCompile Include="Sources\Ring3\Visuals\Gl\UtilitiesGl.c">
      <Filter>Quelldateien\Ring3\Visuals\Gl</Filter>
    </ClCompile>
    <ClCompile Include="Sources\Ring3\Visuals\Gl\VideoContext.c">
      <Filter>Quelldateien\Ring3\Visuals\Gl</Filter>
    </ClCompile>
    <ClCompile Include="Sources\Ring3\Visuals\Gl\Input\_Include.c">
      <Filter>Quelldateien\Ring3\Visuals\Gl\Input</Filter>
    </ClCompile>
    <ClCompile Include="Sources\Ring3\Visuals\Gl\Input\Keyboard.c">
      <Filter>Quelldateien\Ring3\Visuals\Gl\Input</Filter>
    </ClCompile>
    <ClCompile Include="Sources\Ring3\Visuals\Gl\Input\MouseButton.c">
      <Filter>Quelldateien\Ring3\Visuals\Gl\Input</Filter>
    </ClCompile>
    <ClCompile Include="Sources\Ring3\Visuals\Gl\Input\MousePointer.c">
      <Filter>Quelldateien\Ring3\Visuals\Gl\Input</Filter>
    </ClCompile>
    <ClCompile Include="external\glad\src\glad.c">
      <Filter>Quelldateien\external\glad</Filter>
    </ClCompile>
  </ItemGroup>
  <ItemGroup>
    <None Include="Sources\Ring3\Visuals\Gl\Amd\PowerExpress.i">
      <Filter>Headerdateien\Ring3\Visuals\Gl\Amd</Filter>
    </None>
    <None Include="Sources\Ring3\Visuals\Gl\Nvidia\Optimus.i">
      <Filter>Headerdateien\Ring3\Visuals\Gl\Nvidia</Filter>
    </None>
  </ItemGroup>
</Project>