<?xml version="1.0" encoding="utf-8"?>
<Project ToolsVersion="4.0" xmlns="http://schemas.microsoft.com/developer/msbuild/2003">
  <ItemGroup>
    <Filter Include="Quelldateien">
      <UniqueIdentifier>{4FC737F1-C7A5-4376-A066-2A32D752A2FF}</UniqueIdentifier>
      <Extensions>cpp;c;cc;cxx;c++;cppm;ixx;def;odl;idl;hpj;bat;asm;asmx</Extensions>
    </Filter>
    <Filter Include="Headerdateien">
      <UniqueIdentifier>{93995380-89BD-4b04-88EB-625FBE52EBFB}</UniqueIdentifier>
      <Extensions>h;hh;hpp;hxx;h++;hm;inl;inc;ipp;xsd</Extensions>
    </Filter>
    <Filter Include="Ressourcendateien">
      <UniqueIdentifier>{67DA6AB6-F800-4c08-8B7A-83BB121AAD01}</UniqueIdentifier>
      <Extensions>rc;ico;cur;bmp;dlg;rc2;rct;bin;rgs;gif;jpg;jpeg;jpe;resx;tiff;tif;png;wav;mfcribbon-ms</Extensions>
    </Filter>
    <Filter Include="Quelldateien\Video">
      <UniqueIdentifier>{865876d2-8184-4787-bd75-7cc839dec033}</UniqueIdentifier>
    </Filter>
    <Filter Include="Headerdateien\Video">
      <UniqueIdentifier>{6bc2d811-f1a6-4bf4-b2c0-e5ded07d9fa1}</UniqueIdentifier>
    </Filter>
  </ItemGroup>
  <ItemGroup>
    <ClCompile Include="_Video.c">
      <Filter>Quelldateien</Filter>
    </ClCompile>
    <ClCompile Include="Video\CanvasSizeChangedEvent.c">
      <Filter>Quelldateien\Video</Filter>
    </ClCompile>
    <ClCompile Include="Video\ProgramKind.c">
      <Filter>Quelldateien\Video</Filter>
    </ClCompile>
    <ClCompile Include="Video\VertexElementSemantics.c">
      <Filter>Quelldateien\Video</Filter>
    </ClCompile>
    <ClCompile Include="Video\PixelFormat.c">
      <Filter>Quelldateien\Video</Filter>
    </ClCompile>
    <ClCompile Include="Video\BlendFunction.c">
      <Filter>Quelldateien\Video</Filter>
    </ClCompile>
    <ClCompile Include="Video\DepthTestFunction.c">
      <Filter>Quelldateien\Video</Filter>
    </ClCompile>
    <ClCompile Include="Video\Material.c">
      <Filter>Quelldateien\Video</Filter>
    </ClCompile>
    <ClCompile Include="Video\Buffer.c">
      <Filter>Quelldateien\Video</Filter>
    </ClCompile>
    <ClCompile Include="Video\Texture.c">
      <Filter>Quelldateien\Video</Filter>
    </ClCompile>
    <ClCompile Include="Video\ProgramInputType.c">
      <Filter>Quelldateien\Video</Filter>
    </ClCompile>
    <ClCompile Include="Video\ProgramInput.c">
      <Filter>Quelldateien\Video</Filter>
    </ClCompile>
    <ClCompile Include="Video\VertexDescriptor.c">
      <Filter>Quelldateien\Video</Filter>
    </ClCompile>
    <ClCompile Include="Video\ProgramInputKind.c">
      <Filter>Quelldateien\Video</Filter>
    </ClCompile>
    <ClCompile Include="Video\ShaderProgram.c">
      <Filter>Quelldateien\Video</Filter>
    </ClCompile>
    <ClCompile Include="Video\Binding.c">
      <Filter>Quelldateien\Video</Filter>
    </ClCompile>
    <ClCompile Include="Video\VideoContext.c">
      <Filter>Quelldateien\Video</Filter>
    </ClCompile>
    <ClCompile Include="Video\Image.c">
      <Filter>Quelldateien\Video</Filter>
    </ClCompile>
    <ClCompile Include="Video\Font.c">
      <Filter>Quelldateien\Video</Filter>
    </ClCompile>
    <ClCompile Include="Video\ImagesContext.c">
      <Filter>Quelldateien\Video</Filter>
    </ClCompile>
    <ClCompile Include="Video\FontsContext.c">
      <Filter>Quelldateien\Video</Filter>
    </ClCompile>
  </ItemGroup>
  <ItemGroup>
    <ClInclude Include="_Video.h">
      <Filter>Headerdateien</Filter>
    </ClInclude>
    <ClInclude Include="Video\CanvasSizeChangedEvent.h">
      <Filter>Headerdateien\Video</Filter>
    </ClInclude>
    <ClInclude Include="Video\ProgramKind.h">
      <Filter>Headerdateien\Video</Filter>
    </ClInclude>
    <ClInclude Include="Video\VertexElementSemantics.h">
      <Filter>Headerdateien\Video</Filter>
    </ClInclude>
    <ClInclude Include="Video\PixelFormat.h">
      <Filter>Headerdateien\Video</Filter>
    </ClInclude>
    <ClInclude Include="Video\BlendFunction.h">
      <Filter>Headerdateien\Video</Filter>
    </ClInclude>
    <ClInclude Include="Video\DepthTestFunction.h">
      <Filter>Headerdateien\Video</Filter>
    </ClInclude>
    <ClInclude Include="Video\Material.h">
      <Filter>Headerdateien\Video</Filter>
    </ClInclude>
    <ClInclude Include="Video\Texture.h">
      <Filter>Headerdateien\Video</Filter>
    </ClInclude>
    <ClInclude Include="Video\Buffer.h">
      <Filter>Headerdateien\Video</Filter>
    </ClInclude>
    <ClInclude Include="Video\ProgramInputType.h">
      <Filter>Headerdateien\Video</Filter>
    </ClInclude>
    <ClInclude Include="Video\ProgramInput.h">
      <Filter>Headerdateien\Video</Filter>
    </ClInclude>
    <ClInclude Include="Video\VertexDescriptor.h">
      <Filter>Headerdateien\Video</Filter>
    </ClInclude>
    <ClInclude Include="Video\ProgramInputKind.h">
      <Filter>Headerdateien\Video</Filter>
    </ClInclude>
    <ClInclude Include="Video\ShaderProgram.h">
      <Filter>Headerdateien\Video</Filter>
    </ClInclude>
    <ClInclude Include="Video\Binding.h">
      <Filter>Headerdateien\Video</Filter>
    </ClInclude>
    <ClInclude Include="Video\VideoContext.h">
      <Filter>Headerdateien\Video</Filter>
    </ClInclude>
    <ClInclude Include="Video\Image.h">
      <Filter>Headerdateien\Video</Filter>
    </ClInclude>
    <ClInclude Include="Video\Font.h">
      <Filter>Headerdateien\Video</Filter>
    </ClInclude>
    <ClInclude Include="Video\ImagesContext.h">
      <Filter>Headerdateien\Video</Filter>
    </ClInclude>
    <ClInclude Include="Video\FontsContext.h">
      <Filter>Headerdateien\Video</Filter>
    </ClInclude>
  </ItemGroup>
</Project>