<?xml version="1.0" encoding="utf-8"?>
<Project ToolsVersion="4.0" xmlns="http://schemas.microsoft.com/developer/msbuild/2003">
  <ItemGroup>
    <Filter Include="Quelldateien">
      <UniqueIdentifier>{4FC737F1-C7A5-4376-A066-2A32D752A2FF}</UniqueIdentifier>
      <Extensions>cpp;c;cc;cxx;c++;cppm;ixx;def;odl;idl;hpj;bat;asm;asmx</Extensions>
    </Filter>
    <Filter Include="Headerdateien">
      <UniqueIdentifier>{93995380-89BD-4b04-88EB-625FBE52EBFB}</UniqueIdentifier>
      <Extensions>h;hh;hpp;hxx;h++;hm;inl;inc;ipp;xsd</Extensions>
    </Filter>
    <Filter Include="Ressourcendateien">
      <UniqueIdentifier>{67DA6AB6-F800-4c08-8B7A-83BB121AAD01}</UniqueIdentifier>
      <Extensions>rc;ico;cur;bmp;dlg;rc2;rct;bin;rgs;gif;jpg;jpeg;jpe;resx;tiff;tif;png;wav;mfcribbon-ms</Extensions>
    </Filter>
    <Filter Include="Headerdateien\Ring3">
      <UniqueIdentifier>{e21fbe87-77a1-44c2-af76-3639d4f4c47e}</UniqueIdentifier>
    </Filter>
    <Filter Include="Headerdateien\Ring3\Fonts">
      <UniqueIdentifier>{dacd2396-ed96-4161-aed4-df1ca51ee100}</UniqueIdentifier>
    </Filter>
    <Filter Include="Headerdateien\Ring3\Fonts\FreeType2">
      <UniqueIdentifier>{cba642fc-81e2-46b3-8177-a0f40975bebf}</UniqueIdentifier>
    </Filter>
    <Filter Include="Quelldateien\Ring3">
      <UniqueIdentifier>{ca86fad4-3ad9-45e5-9d46-9b638194859b}</UniqueIdentifier>
    </Filter>
    <Filter Include="Quelldateien\Ring3\Fonts">
      <UniqueIdentifier>{f2f707d0-fe0d-466e-a475-4325127f4314}</UniqueIdentifier>
    </Filter>
    <Filter Include="Quelldateien\Ring3\Fonts\FreeType2">
      <UniqueIdentifier>{e93069d0-e921-4b46-8daa-f2ced69933f1}</UniqueIdentifier>
    </Filter>
  </ItemGroup>
  <ItemGroup>
    <ClInclude Include="Sources\Ring3\Fonts\FreeType2\_Include.h">
      <Filter>Headerdateien\Ring3\Fonts\FreeType2</Filter>
    </ClInclude>
    <ClInclude Include="Sources\Ring3\Fonts\FreeType2\Font.h">
      <Filter>Headerdateien\Ring3\Fonts\FreeType2</Filter>
    </ClInclude>
    <ClInclude Include="Sources\Ring3\Fonts\FreeType2\FontsContext.h">
      <Filter>Headerdateien\Ring3\Fonts\FreeType2</Filter>
    </ClInclude>
  </ItemGroup>
  <ItemGroup>
    <ClCompile Include="Sources\Ring3\Fonts\FreeType2\_Include.c">
      <Filter>Quelldateien\Ring3\Fonts\FreeType2</Filter>
    </ClCompile>
    <ClCompile Include="Sources\Ring3\Fonts\FreeType2\Font.c">
      <Filter>Quelldateien\Ring3\Fonts\FreeType2</Filter>
    </ClCompile>
    <ClCompile Include="Sources\Ring3\Fonts\FreeType2\FontsContext.c">
      <Filter>Quelldateien\Ring3\Fonts\FreeType2</Filter>
    </ClCompile>
  </ItemGroup>
</Project>