<?xml version="1.0" encoding="utf-8"?>
<Project ToolsVersion="4.0" xmlns="http://schemas.microsoft.com/developer/msbuild/2003">
  <ItemGroup>
    <Filter Include="Quelldateien">
      <UniqueIdentifier>{4FC737F1-C7A5-4376-A066-2A32D752A2FF}</UniqueIdentifier>
      <Extensions>cpp;c;cc;cxx;c++;cppm;ixx;def;odl;idl;hpj;bat;asm;asmx</Extensions>
    </Filter>
    <Filter Include="Headerdateien">
      <UniqueIdentifier>{93995380-89BD-4b04-88EB-625FBE52EBFB}</UniqueIdentifier>
      <Extensions>h;hh;hpp;hxx;h++;hm;inl;inc;ipp;xsd</Extensions>
    </Filter>
    <Filter Include="Ressourcendateien">
      <UniqueIdentifier>{67DA6AB6-F800-4c08-8B7A-83BB121AAD01}</UniqueIdentifier>
      <Extensions>rc;ico;cur;bmp;dlg;rc2;rct;bin;rgs;gif;jpg;jpeg;jpe;resx;tiff;tif;png;wav;mfcribbon-ms</Extensions>
    </Filter>
    <Filter Include="Headerdateien\Ring2">
      <UniqueIdentifier>{6b030912-0cd7-4990-b02e-8a974c7582c1}</UniqueIdentifier>
    </Filter>
    <Filter Include="Quelldateien\Ring2">
      <UniqueIdentifier>{308dd482-0dcb-407a-9849-52e67d1c6cd1}</UniqueIdentifier>
    </Filter>
    <Filter Include="Quelldateien\Ring2\Test">
      <UniqueIdentifier>{dca3a514-9b8c-4b4e-882a-8dd3265beea8}</UniqueIdentifier>
    </Filter>
    <Filter Include="Headerdateien\Ring2\Library">
      <UniqueIdentifier>{dbc02108-5941-4706-a2d2-ef425de20312}</UniqueIdentifier>
    </Filter>
    <Filter Include="Quelldateien\Ring2\Test\Library">
      <UniqueIdentifier>{30889c10-9feb-4d2f-8672-8e5a1e241e36}</UniqueIdentifier>
    </Filter>
    <Filter Include="Headerdateien\Ring2\Library\Collections">
      <UniqueIdentifier>{d9e5a183-0b18-48de-abcb-cde8d5d70865}</UniqueIdentifier>
    </Filter>
    <Filter Include="Headerdateien\Ring2\Library\Collections\Test">
      <UniqueIdentifier>{5e99c7c3-ed00-48bc-94cc-70a704f637cb}</UniqueIdentifier>
    </Filter>
    <Filter Include="Quelldateien\Ring2\Test\Library\Collections">
      <UniqueIdentifier>{ee248ce4-02cd-429f-9eb6-2165eebf5d6d}</UniqueIdentifier>
    </Filter>
    <Filter Include="Quelldateien\Ring2\Test\Library\Collections\Test">
      <UniqueIdentifier>{829fec64-487d-486e-bda6-b339bbb0a084}</UniqueIdentifier>
    </Filter>
  </ItemGroup>
  <ItemGroup>
    <ClCompile Include="Ring2\Library\Collections\Test\ArrayDequeTest.c">
      <Filter>Quelldateien\Ring2\Test\Library\Collections\Test</Filter>
    </ClCompile>
    <ClCompile Include="Ring2\Library\Collections\Test\ArrayListTest.c">
      <Filter>Quelldateien\Ring2\Test\Library\Collections\Test</Filter>
    </ClCompile>
    <ClCompile Include="Ring2\Library\Collections\Test\HashMapTest.c">
      <Filter>Quelldateien\Ring2\Test\Library\Collections\Test</Filter>
    </ClCompile>
    <ClCompile Include="Ring2\Library\Collections\Test\Main.c">
      <Filter>Quelldateien\Ring2\Test\Library\Collections\Test</Filter>
    </ClCompile>
    <ClCompile Include="Ring2\Library\Collections\Test\PairTest.c">
      <Filter>Quelldateien\Ring2\Test\Library\Collections\Test</Filter>
    </ClCompile>
  </ItemGroup>
  <ItemGroup>
    <ClInclude Include="Ring2\Library\Collections\Test\ArrayDequeTest.h">
      <Filter>Headerdateien\Ring2\Library\Collections\Test</Filter>
    </ClInclude>
    <ClInclude Include="Ring2\Library\Collections\Test\ArrayListTest.h">
      <Filter>Headerdateien\Ring2\Library\Collections\Test</Filter>
    </ClInclude>
    <ClInclude Include="Ring2\Library\Collections\Test\HashMapTest.h">
      <Filter>Headerdateien\Ring2\Library\Collections\Test</Filter>
    </ClInclude>
    <ClInclude Include="Ring2\Library\Collections\Test\PairTest.h">
      <Filter>Headerdateien\Ring2\Library\Collections\Test</Filter>
    </ClInclude>
  </ItemGroup>
</Project>