<?xml version="1.0" encoding="utf-8"?>
<Project ToolsVersion="4.0" xmlns="http://schemas.microsoft.com/developer/msbuild/2003">
  <ItemGroup>
    <Filter Include="Quelldateien">
      <UniqueIdentifier>{4FC737F1-C7A5-4376-A066-2A32D752A2FF}</UniqueIdentifier>
      <Extensions>cpp;c;cc;cxx;def;odl;idl;hpj;bat;asm;asmx</Extensions>
    </Filter>
    <Filter Include="Headerdateien">
      <UniqueIdentifier>{93995380-89BD-4b04-88EB-625FBE52EBFB}</UniqueIdentifier>
      <Extensions>h;hh;hpp;hxx;hm;inl;inc;ipp;xsd</Extensions>
    </Filter>
    <Filter Include="Headerdateien\Ring2">
      <UniqueIdentifier>{e67b7bec-b14b-4bf4-853e-dbaa9db02999}</UniqueIdentifier>
    </Filter>
    <Filter Include="Quelldateien\Ring2">
      <UniqueIdentifier>{1831d8c5-bfef-4e8c-95d1-a6b4e4da9000}</UniqueIdentifier>
    </Filter>
    <Filter Include="Headerdateien\Ring2\Types">
      <UniqueIdentifier>{ba0e9761-ffe6-4ab8-8468-18efc4f157b1}</UniqueIdentifier>
    </Filter>
    <Filter Include="Quelldateien\Ring2\Types">
      <UniqueIdentifier>{957f1b69-1b6a-4557-9428-7ed44e7cc597}</UniqueIdentifier>
    </Filter>
    <Filter Include="Headerdateien\Ring2\Operations">
      <UniqueIdentifier>{3a09ffb0-1d7b-4816-839e-fdff648bbb79}</UniqueIdentifier>
    </Filter>
    <Filter Include="Quelldateien\Ring2\Operations">
      <UniqueIdentifier>{b6362410-b86e-4de8-95be-fa13ff7449e9}</UniqueIdentifier>
    </Filter>
    <Filter Include="Headerdateien\Ring2\JumpTarget">
      <UniqueIdentifier>{f85d387a-7942-46cf-8291-8e7dd8c73a99}</UniqueIdentifier>
    </Filter>
    <Filter Include="Quelldateien\Ring2\JumpTarget">
      <UniqueIdentifier>{fe89f952-ffb7-4c4f-9176-bc5089e13fc9}</UniqueIdentifier>
    </Filter>
  </ItemGroup>
  <ItemGroup>
    <ClInclude Include="Ring2\JumpTarget.h">
      <Filter>Headerdateien\Ring2</Filter>
    </ClInclude>
    <ClInclude Include="Ring2\Types\Boolean.h">
      <Filter>Headerdateien\Ring2\Types</Filter>
    </ClInclude>
    <ClInclude Include="Ring2\Types\Integer.h">
      <Filter>Headerdateien\Ring2\Types</Filter>
    </ClInclude>
    <ClInclude Include="Ring2\Types\Real.h">
      <Filter>Headerdateien\Ring2\Types</Filter>
    </ClInclude>
    <ClInclude Include="Ring2\Types\Void.h">
      <Filter>Headerdateien\Ring2\Types</Filter>
    </ClInclude>
    <ClInclude Include="Ring2\Configuration.h">
      <Filter>Headerdateien\Ring2</Filter>
    </ClInclude>
    <ClInclude Include="Ring2\Types.h">
      <Filter>Headerdateien\Ring2</Filter>
    </ClInclude>
    <ClInclude Include="Ring2\Operations\Boolean.h">
      <Filter>Headerdateien\Ring2\Operations</Filter>
    </ClInclude>
    <ClInclude Include="Ring2\Operations\Integer.h">
      <Filter>Headerdateien\Ring2\Operations</Filter>
    </ClInclude>
    <ClInclude Include="Ring2\Operations\Real32.h">
      <Filter>Headerdateien\Ring2\Operations</Filter>
    </ClInclude>
    <ClInclude Include="Ring2\Operations\Real64.h">
      <Filter>Headerdateien\Ring2\Operations</Filter>
    </ClInclude>
    <ClInclude Include="Ring2\Operations\Void.h">
      <Filter>Headerdateien\Ring2\Operations</Filter>
    </ClInclude>
    <ClInclude Include="Ring2\Operations.h">
      <Filter>Headerdateien\Ring2</Filter>
    </ClInclude>
    <ClInclude Include="Ring2\JumpTarget\JumpTarget1.h">
      <Filter>Headerdateien\Ring2\JumpTarget</Filter>
    </ClInclude>
    <ClInclude Include="Ring2\Context.h">
      <Filter>Headerdateien\Ring2</Filter>
    </ClInclude>
  </ItemGroup>
  <ItemGroup>
    <ClCompile Include="Ring2\JumpTarget.c">
      <Filter>Quelldateien\Ring2</Filter>
    </ClCompile>
    <ClCompile Include="Ring2\Types\Boolean.c">
      <Filter>Quelldateien\Ring2\Types</Filter>
    </ClCompile>
    <ClCompile Include="Ring2\Types\Integer.c">
      <Filter>Quelldateien\Ring2\Types</Filter>
    </ClCompile>
    <ClCompile Include="Ring2\Types\Real.c">
      <Filter>Quelldateien\Ring2\Types</Filter>
    </ClCompile>
    <ClCompile Include="Ring2\Types\Void.c">
      <Filter>Quelldateien\Ring2\Types</Filter>
    </ClCompile>
    <ClCompile Include="Ring2\Configuration.c">
      <Filter>Quelldateien\Ring2</Filter>
    </ClCompile>
    <ClCompile Include="Ring2\Types.c">
      <Filter>Quelldateien\Ring2</Filter>
    </ClCompile>
    <ClCompile Include="Ring2\Operations\Boolean.c">
      <Filter>Quelldateien\Ring2\Operations</Filter>
    </ClCompile>
    <ClCompile Include="Ring2\Operations\Integer.c">
      <Filter>Quelldateien\Ring2\Operations</Filter>
    </ClCompile>
    <ClCompile Include="Ring2\Operations\Real32.c">
      <Filter>Quelldateien\Ring2\Operations</Filter>
    </ClCompile>
    <ClCompile Include="Ring2\Operations\Real64.c">
      <Filter>Quelldateien\Ring2\Operations</Filter>
    </ClCompile>
    <ClCompile Include="Ring2\Operations\Void.c">
      <Filter>Quelldateien\Ring2\Operations</Filter>
    </ClCompile>
    <ClCompile Include="Ring2\Operations.c">
      <Filter>Quelldateien\Ring2</Filter>
    </ClCompile>
    <ClCompile Include="Ring2\JumpTarget\JumpTarget1.c">
      <Filter>Quelldateien\Ring2\JumpTarget</Filter>
    </ClCompile>
    <ClCompile Include="Ring2\Context.c">
      <Filter>Quelldateien\Ring2</Filter>
    </ClCompile>
  </ItemGroup>
</Project>