<?xml version="1.0" encoding="utf-8"?>
<Project ToolsVersion="4.0" xmlns="http://schemas.microsoft.com/developer/msbuild/2003">
  <ItemGroup>
    <Filter Include="Quelldateien">
      <UniqueIdentifier>{4FC737F1-C7A5-4376-A066-2A32D752A2FF}</UniqueIdentifier>
      <Extensions>cpp;c;cc;cxx;c++;cppm;ixx;def;odl;idl;hpj;bat;asm;asmx</Extensions>
    </Filter>
    <Filter Include="Headerdateien">
      <UniqueIdentifier>{93995380-89BD-4b04-88EB-625FBE52EBFB}</UniqueIdentifier>
      <Extensions>h;hh;hpp;hxx;h++;hm;inl;inc;ipp;xsd</Extensions>
    </Filter>
    <Filter Include="Ressourcendateien">
      <UniqueIdentifier>{67DA6AB6-F800-4c08-8B7A-83BB121AAD01}</UniqueIdentifier>
      <Extensions>rc;ico;cur;bmp;dlg;rc2;rct;bin;rgs;gif;jpg;jpeg;jpe;resx;tiff;tif;png;wav;mfcribbon-ms</Extensions>
    </Filter>
    <Filter Include="Headerdateien\Ring3">
      <UniqueIdentifier>{19c8774b-5676-4aad-a890-32407d4c0a3f}</UniqueIdentifier>
    </Filter>
    <Filter Include="Quelldateien\Ring3">
      <UniqueIdentifier>{21e0eb2e-1eb4-487c-878e-8f4f88b86808}</UniqueIdentifier>
    </Filter>
    <Filter Include="Headerdateien\Ring3\Gui">
      <UniqueIdentifier>{638052dd-d0cd-4647-b629-6cf151d9462d}</UniqueIdentifier>
    </Filter>
    <Filter Include="Headerdateien\Ring3\Gui\Gdl">
      <UniqueIdentifier>{6fd63acf-1cfb-4dcb-adb0-d937d00063e7}</UniqueIdentifier>
    </Filter>
    <Filter Include="Headerdateien\Ring3\Gui\Reader">
      <UniqueIdentifier>{6722d54e-13cc-4149-a296-5285086e79cb}</UniqueIdentifier>
    </Filter>
    <Filter Include="Headerdateien\Ring3\Gui\Signals">
      <UniqueIdentifier>{72d3556e-48b1-46b8-b3c9-b189d0e85641}</UniqueIdentifier>
    </Filter>
    <Filter Include="Quelldateien\Ring3\Gui">
      <UniqueIdentifier>{faede18f-cc51-41de-bf6e-069bb2401551}</UniqueIdentifier>
    </Filter>
    <Filter Include="Quelldateien\Ring3\Gui\Gdl">
      <UniqueIdentifier>{18e1f554-6aa7-4c1e-8c15-a7569c59bb42}</UniqueIdentifier>
    </Filter>
    <Filter Include="Quelldateien\Ring3\Gui\Reader">
      <UniqueIdentifier>{8c04ed15-1710-492d-97b6-645dad5dfbf0}</UniqueIdentifier>
    </Filter>
    <Filter Include="Quelldateien\Ring3\Gui\Signals">
      <UniqueIdentifier>{8f24de1b-25e2-4a33-9dd2-e84b8824531e}</UniqueIdentifier>
    </Filter>
    <Filter Include="Headerdateien\Ring3\Gui\Layout">
      <UniqueIdentifier>{22e5e50a-3c53-4cf7-b53a-231bddefd0d4}</UniqueIdentifier>
    </Filter>
    <Filter Include="Quelldateien\Ring3\Gui\Layout">
      <UniqueIdentifier>{d5c988c7-2719-4bea-b2ff-a0203a8d52fd}</UniqueIdentifier>
    </Filter>
    <Filter Include="Headerdateien\Ring3\Gui\Selectors">
      <UniqueIdentifier>{79578cc6-ed61-47d4-aeb1-ab99e2503ab3}</UniqueIdentifier>
    </Filter>
    <Filter Include="Quelldateien\Ring3\Gui\Selectors">
      <UniqueIdentifier>{569584b9-d9f0-4709-8798-431950909927}</UniqueIdentifier>
    </Filter>
  </ItemGroup>
  <ItemGroup>
    <ClCompile Include="Sources\Ring3\Gui\ArrayWidgetList.c">
      <Filter>Quelldateien\Ring3\Gui</Filter>
    </ClCompile>
    <ClCompile Include="Sources\Ring3\Gui\WidgetBase.c">
      <Filter>Quelldateien\Ring3\Gui</Filter>
    </ClCompile>
    <ClCompile Include="Sources\Ring3\Gui\TextNode.c">
      <Filter>Quelldateien\Ring3\Gui</Filter>
    </ClCompile>
    <ClCompile Include="Sources\Ring3\Gui\LayoutModel.c">
      <Filter>Quelldateien\Ring3\Gui</Filter>
    </ClCompile>
    <ClCompile Include="Sources\Ring3\Gui\GroupNode.c">
      <Filter>Quelldateien\Ring3\Gui</Filter>
    </ClCompile>
    <ClCompile Include="Sources\Ring3\Gui\Context.c">
      <Filter>Quelldateien\Ring3\Gui</Filter>
    </ClCompile>
    <ClCompile Include="Sources\Ring3\Gui\BorderNode.c">
      <Filter>Quelldateien\Ring3\Gui</Filter>
    </ClCompile>
    <ClCompile Include="Sources\Ring3\Gui\BorderModel.c">
      <Filter>Quelldateien\Ring3\Gui</Filter>
    </ClCompile>
    <ClCompile Include="Sources\Ring3\Gui\Gdl\Context.c">
      <Filter>Quelldateien\Ring3\Gui\Gdl</Filter>
    </ClCompile>
    <ClCompile Include="Sources\Ring3\Gui\Gdl\ListToVector.c">
      <Filter>Quelldateien\Ring3\Gui\Gdl</Filter>
    </ClCompile>
    <ClCompile Include="Sources\Ring3\Gui\Gdl\ValueToReal.c">
      <Filter>Quelldateien\Ring3\Gui\Gdl</Filter>
    </ClCompile>
    <ClCompile Include="Sources\Ring3\Gui\Signals\Context.c">
      <Filter>Quelldateien\Ring3\Gui\Signals</Filter>
    </ClCompile>
    <ClCompile Include="Sources\Ring3\Gui\Reader\Reader.c">
      <Filter>Quelldateien\Ring3\Gui\Reader</Filter>
    </ClCompile>
    <ClCompile Include="Sources\Ring3\Gui\Reader\Reader.package.c">
      <Filter>Quelldateien\Ring3\Gui\Reader</Filter>
    </ClCompile>
    <ClCompile Include="Sources\Ring3\Gui\_Include.c">
      <Filter>Quelldateien\Ring3\Gui</Filter>
    </ClCompile>
    <ClCompile Include="Sources\Ring3\Gui\RenderContext.c">
      <Filter>Quelldateien\Ring3\Gui</Filter>
    </ClCompile>
    <ClCompile Include="Sources\Ring3\Gui\DefaultRenderContext.c">
      <Filter>Quelldateien\Ring3\Gui</Filter>
    </ClCompile>
    <ClCompile Include="Sources\Ring3\Gui\WidgetList.c">
      <Filter>Quelldateien\Ring3\Gui</Filter>
    </ClCompile>
    <ClCompile Include="Sources\Ring3\Gui\Layout\Direction.c">
      <Filter>Quelldateien\Ring3\Gui\Layout</Filter>
    </ClCompile>
    <ClCompile Include="Sources\Ring3\Gui\Layout\Justification.c">
      <Filter>Quelldateien\Ring3\Gui\Layout</Filter>
    </ClCompile>
    <ClCompile Include="Sources\Ring3\Gui\Reader\readColor.c">
      <Filter>Quelldateien\Ring3\Gui\Reader</Filter>
    </ClCompile>
    <ClCompile Include="Sources\Ring3\Gui\Layout\Layouter.c">
      <Filter>Quelldateien\Ring3\Gui\Layout</Filter>
    </ClCompile>
    <ClCompile Include="Sources\Ring3\Gui\Widget.c">
      <Filter>Quelldateien\Ring3\Gui</Filter>
    </ClCompile>
    <ClCompile Include="Ring3\Gui\Selectors\SelectorKind.c">
      <Filter>Quelldateien\Ring3\Gui\Selectors</Filter>
    </ClCompile>
    <ClCompile Include="Ring3\Gui\Selectors\IthChildSelector.c">
      <Filter>Quelldateien\Ring3\Gui\Selectors</Filter>
    </ClCompile>
    <ClCompile Include="Ring3\Gui\Selectors\NameSelector.c">
      <Filter>Quelldateien\Ring3\Gui\Selectors</Filter>
    </ClCompile>
    <ClCompile Include="Ring3\Gui\Selectors\Selector.c">
      <Filter>Quelldateien\Ring3\Gui\Selectors</Filter>
    </ClCompile>
    <ClCompile Include="Ring3\Gui\Selectors\UniversalSelector.c">
      <Filter>Quelldateien\Ring3\Gui\Selectors</Filter>
    </ClCompile>
    <ClCompile Include="Ring3\Gui\DefaultMatcher.c">
      <Filter>Quelldateien\Ring3\Gui</Filter>
    </ClCompile>
  </ItemGroup>
  <ItemGroup>
    <ClInclude Include="Sources\Ring3\Gui\ArrayWidgetList.h">
      <Filter>Headerdateien\Ring3\Gui</Filter>
    </ClInclude>
    <ClInclude Include="Sources\Ring3\Gui\WidgetBase.h">
      <Filter>Headerdateien\Ring3\Gui</Filter>
    </ClInclude>
    <ClInclude Include="Sources\Ring3\Gui\TextNode.h">
      <Filter>Headerdateien\Ring3\Gui</Filter>
    </ClInclude>
    <ClInclude Include="Sources\Ring3\Gui\LayoutModel.h">
      <Filter>Headerdateien\Ring3\Gui</Filter>
    </ClInclude>
    <ClInclude Include="Sources\Ring3\Gui\GroupNode.h">
      <Filter>Headerdateien\Ring3\Gui</Filter>
    </ClInclude>
    <ClInclude Include="Sources\Ring3\Gui\Context.h">
      <Filter>Headerdateien\Ring3\Gui</Filter>
    </ClInclude>
    <ClInclude Include="Sources\Ring3\Gui\BorderNode.h">
      <Filter>Headerdateien\Ring3\Gui</Filter>
    </ClInclude>
    <ClInclude Include="Sources\Ring3\Gui\BorderModel.h">
      <Filter>Headerdateien\Ring3\Gui</Filter>
    </ClInclude>
    <ClInclude Include="Sources\Ring3\Gui\Gdl\Context.h">
      <Filter>Headerdateien\Ring3\Gui\Gdl</Filter>
    </ClInclude>
    <ClInclude Include="Sources\Ring3\Gui\Gdl\ListToVector.h">
      <Filter>Headerdateien\Ring3\Gui\Gdl</Filter>
    </ClInclude>
    <ClInclude Include="Sources\Ring3\Gui\Gdl\ValueToReal.h">
      <Filter>Headerdateien\Ring3\Gui\Gdl</Filter>
    </ClInclude>
    <ClInclude Include="Sources\Ring3\Gui\Signals\Context.h">
      <Filter>Headerdateien\Ring3\Gui\Signals</Filter>
    </ClInclude>
    <ClInclude Include="Sources\Ring3\Gui\Reader\Reader.h">
      <Filter>Headerdateien\Ring3\Gui\Reader</Filter>
    </ClInclude>
    <ClInclude Include="Sources\Ring3\Gui\Reader\Reader.package.h">
      <Filter>Headerdateien\Ring3\Gui\Reader</Filter>
    </ClInclude>
    <ClInclude Include="Sources\Ring3\Gui\_Include.h">
      <Filter>Headerdateien\Ring3\Gui</Filter>
    </ClInclude>
    <ClInclude Include="Sources\Ring3\Gui\RenderContext.h">
      <Filter>Headerdateien\Ring3\Gui</Filter>
    </ClInclude>
    <ClInclude Include="Sources\Ring3\Gui\DefaultRenderContext.h">
      <Filter>Headerdateien\Ring3\Gui</Filter>
    </ClInclude>
    <ClInclude Include="Sources\Ring3\Gui\WidgetList.h">
      <Filter>Headerdateien\Ring3\Gui</Filter>
    </ClInclude>
    <ClInclude Include="Sources\Ring3\Gui\Layout\Direction.h">
      <Filter>Headerdateien\Ring3\Gui\Layout</Filter>
    </ClInclude>
    <ClInclude Include="Sources\Ring3\Gui\Layout\Justification.h">
      <Filter>Headerdateien\Ring3\Gui\Layout</Filter>
    </ClInclude>
    <ClInclude Include="Sources\Ring3\Gui\Reader\readColor.h">
      <Filter>Headerdateien\Ring3\Gui\Reader</Filter>
    </ClInclude>
    <ClInclude Include="Sources\Ring3\Gui\Layout\Layouter.h">
      <Filter>Headerdateien\Ring3\Gui\Layout</Filter>
    </ClInclude>
    <ClInclude Include="Sources\Ring3\Gui\Widget.h">
      <Filter>Headerdateien\Ring3\Gui</Filter>
    </ClInclude>
    <ClInclude Include="Ring3\Gui\Selectors\SelectorKind.h">
      <Filter>Headerdateien\Ring3\Gui\Selectors</Filter>
    </ClInclude>
    <ClInclude Include="Ring3\Gui\Selectors\Selector.h">
      <Filter>Headerdateien\Ring3\Gui\Selectors</Filter>
    </ClInclude>
    <ClInclude Include="Ring3\Gui\Selectors\IthChildSelector.h">
      <Filter>Headerdateien\Ring3\Gui\Selectors</Filter>
    </ClInclude>
    <ClInclude Include="Ring3\Gui\Selectors\NameSelector.h">
      <Filter>Headerdateien\Ring3\Gui\Selectors</Filter>
    </ClInclude>
    <ClInclude Include="Ring3\Gui\Selectors\UniversalSelector.h">
      <Filter>Headerdateien\Ring3\Gui\Selectors</Filter>
    </ClInclude>
    <ClInclude Include="Ring3\Gui\DefaultMatcher.h">
      <Filter>Headerdateien\Ring3\Gui</Filter>
    </ClInclude>
  </ItemGroup>
  <ItemGroup>
    <None Include="Sources\Ring3\Gui\Gdl\Context.i">
      <Filter>Quelldateien\Ring3\Gui\Gdl</Filter>
    </None>
    <None Include="Sources\Ring3\Gui\Signals\Context.i">
      <Filter>Quelldateien\Ring3\Gui\Signals</Filter>
    </None>
    <None Include="Sources\Ring3\Gui\Layout\Direction.i">
      <Filter>Headerdateien\Ring3\Gui\Layout</Filter>
    </None>
    <None Include="Sources\Ring3\Gui\Layout\Justification.i">
      <Filter>Headerdateien\Ring3\Gui\Layout</Filter>
    </None>
    <None Include="Sources\Ring3\Gui\Properties.i">
      <Filter>Headerdateien\Ring3\Gui</Filter>
    </None>
  </ItemGroup>
</Project>