
Microsoft Visual Studio Solution File, Format Version 12.00
# Visual Studio Version 17
VisualStudioVersion = 17.1.32228.430
MinimumVisualStudioVersion = 10.0.40219.1
Project("{8BC9CEB8-8B4A-11D0-8D11-00A0C91BC942}") = "Ring1.Intrinsic.Test", "Ring1.Intrinsic.Test\Ring1.Intrinsic.Test.vcxproj", "{6A4A80E6-BE48-4990-BA7E-DF192EE7841B}"
EndProject
Project("{8BC9CEB8-8B4A-11D0-8D11-00A0C91BC942}") = "Ring1", "Ring1\Ring1.vcxproj", "{D7DB575D-7EAA-47DE-8999-44F4E1361D34}"
EndProject
Project("{8BC9CEB8-8B4A-11D0-8D11-00A0C91BC942}") = "Ring1.Atom.Test", "Ring1.Atom.Test\Ring1.Atom.Test.vcxproj", "{EF972270-0C90-4ADC-AB7E-13EEA56B3F0D}"
EndProject
Project("{8BC9CEB8-8B4A-11D0-8D11-00A0C91BC942}") = "Ring1.Console.Demo", "Ring1.Console.Demo\Ring1.Console.Demo.vcxproj", "{2112954C-EDA1-408E-82DA-CFE8AD3816E4}"
EndProject
Global
	GlobalSection(SolutionConfigurationPlatforms) = preSolution
		Debug|x64 = Debug|x64
		Debug|x86 = Debug|x86
		Release|x64 = Release|x64
		Release|x86 = Release|x86
	EndGlobalSection
	GlobalSection(ProjectConfigurationPlatforms) = postSolution
		{6A4A80E6-BE48-4990-BA7E-DF192EE7841B}.Debug|x64.ActiveCfg = Debug|x64
		{6A4A80E6-BE48-4990-BA7E-DF192EE7841B}.Debug|x64.Build.0 = Debug|x64
		{6A4A80E6-BE48-4990-BA7E-DF192EE7841B}.Debug|x86.ActiveCfg = Debug|Win32
		{6A4A80E6-BE48-4990-BA7E-DF192EE7841B}.Debug|x86.Build.0 = Debug|Win32
		{6A4A80E6-BE48-4990-BA7E-DF192EE7841B}.Release|x64.ActiveCfg = Release|x64
		{6A4A80E6-BE48-4990-BA7E-DF192EE7841B}.Release|x64.Build.0 = Release|x64
		{6A4A80E6-BE48-4990-BA7E-DF192EE7841B}.Release|x86.ActiveCfg = Release|Win32
		{6A4A80E6-BE48-4990-BA7E-DF192EE7841B}.Release|x86.Build.0 = Release|Win32
		{D7DB575D-7EAA-47DE-8999-44F4E1361D34}.Debug|x64.ActiveCfg = Debug|x64
		{D7DB575D-7EAA-47DE-8999-44F4E1361D34}.Debug|x64.Build.0 = Debug|x64
		{D7DB575D-7EAA-47DE-8999-44F4E1361D34}.Debug|x86.ActiveCfg = Debug|Win32
		{D7DB575D-7EAA-47DE-8999-44F4E1361D34}.Debug|x86.Build.0 = Debug|Win32
		{D7DB575D-7EAA-47DE-8999-44F4E1361D34}.Release|x64.ActiveCfg = Release|x64
		{D7DB575D-7EAA-47DE-8999-44F4E1361D34}.Release|x64.Build.0 = Release|x64
		{D7DB575D-7EAA-47DE-8999-44F4E1361D34}.Release|x86.ActiveCfg = Release|Win32
		{D7DB575D-7EAA-47DE-8999-44F4E1361D34}.Release|x86.Build.0 = Release|Win32
		{EF972270-0C90-4ADC-AB7E-13EEA56B3F0D}.Debug|x64.ActiveCfg = Debug|x64
		{EF972270-0C90-4ADC-AB7E-13EEA56B3F0D}.Debug|x64.Build.0 = Debug|x64
		{EF972270-0C90-4ADC-AB7E-13EEA56B3F0D}.Debug|x86.ActiveCfg = Debug|Win32
		{EF972270-0C90-4ADC-AB7E-13EEA56B3F0D}.Debug|x86.Build.0 = Debug|Win32
		{EF972270-0C90-4ADC-AB7E-13EEA56B3F0D}.Release|x64.ActiveCfg = Release|x64
		{EF972270-0C90-4ADC-AB7E-13EEA56B3F0D}.Release|x64.Build.0 = Release|x64
		{EF972270-0C90-4ADC-AB7E-13EEA56B3F0D}.Release|x86.ActiveCfg = Release|Win32
		{EF972270-0C90-4ADC-AB7E-13EEA56B3F0D}.Release|x86.Build.0 = Release|Win32
		{2112954C-EDA1-408E-82DA-CFE8AD3816E4}.Debug|x64.ActiveCfg = Debug|x64
		{2112954C-EDA1-408E-82DA-CFE8AD3816E4}.Debug|x64.Build.0 = Debug|x64
		{2112954C-EDA1-408E-82DA-CFE8AD3816E4}.Debug|x86.ActiveCfg = Debug|Win32
		{2112954C-EDA1-408E-82DA-CFE8AD3816E4}.Debug|x86.Build.0 = Debug|Win32
		{2112954C-EDA1-408E-82DA-CFE8AD3816E4}.Release|x64.ActiveCfg = Release|x64
		{2112954C-EDA1-408E-82DA-CFE8AD3816E4}.Release|x64.Build.0 = Release|x64
		{2112954C-EDA1-408E-82DA-CFE8AD3816E4}.Release|x86.ActiveCfg = Release|Win32
		{2112954C-EDA1-408E-82DA-CFE8AD3816E4}.Release|x86.Build.0 = Release|Win32
	EndGlobalSection
	GlobalSection(SolutionProperties) = preSolution
		HideSolutionNode = FALSE
	EndGlobalSection
	GlobalSection(ExtensibilityGlobals) = postSolution
		SolutionGuid = {32AB64EC-14A3-4886-BFAA-8E4AC149AA6C}
	EndGlobalSection
EndGlobal
