<?xml version="1.0" encoding="utf-8"?>
<Project ToolsVersion="4.0" xmlns="http://schemas.microsoft.com/developer/msbuild/2003">
  <ItemGroup>
    <Filter Include="Quelldateien">
      <UniqueIdentifier>{4FC737F1-C7A5-4376-A066-2A32D752A2FF}</UniqueIdentifier>
      <Extensions>cpp;c;cc;cxx;def;odl;idl;hpj;bat;asm;asmx</Extensions>
    </Filter>
    <Filter Include="Headerdateien">
      <UniqueIdentifier>{93995380-89BD-4b04-88EB-625FBE52EBFB}</UniqueIdentifier>
      <Extensions>h;hh;hpp;hxx;hm;inl;inc;ipp;xsd</Extensions>
    </Filter>
    <Filter Include="Headerdateien\Ring1">
      <UniqueIdentifier>{312fe4ae-00d6-4ed1-ba26-5826d91b9aea}</UniqueIdentifier>
    </Filter>
    <Filter Include="Headerdateien\Ring1\Intrinsic">
      <UniqueIdentifier>{da9b2f4d-b49a-45bd-acf3-2bae5705aef4}</UniqueIdentifier>
    </Filter>
    <Filter Include="Headerdateien\Ring1\Intrinsic\Add">
      <UniqueIdentifier>{c778cc72-6028-44a0-810b-945e6240fd8c}</UniqueIdentifier>
    </Filter>
    <Filter Include="Headerdateien\Ring1\Intrinsic\Subtract">
      <UniqueIdentifier>{0879eca2-eccc-4754-83e2-6b0561e02743}</UniqueIdentifier>
    </Filter>
    <Filter Include="Headerdateien\Ring1\Intrinsic\CountLeadingZeroes">
      <UniqueIdentifier>{cf3306ae-17c3-4865-80ef-a0af264cc837}</UniqueIdentifier>
    </Filter>
    <Filter Include="Headerdateien\Ring1\Intrinsic\NextMultipleOf64">
      <UniqueIdentifier>{8b714c20-92b0-45a8-8b0c-3ca1a6155403}</UniqueIdentifier>
    </Filter>
    <Filter Include="Headerdateien\Ring1\Intrinsic\NextMultipleOf32">
      <UniqueIdentifier>{06010415-c24a-4462-8068-28dd5e43473f}</UniqueIdentifier>
    </Filter>
    <Filter Include="Headerdateien\Ring1\Intrinsic\Multiply">
      <UniqueIdentifier>{e2de730c-f7cb-44ff-86b9-330e7f63429c}</UniqueIdentifier>
    </Filter>
    <Filter Include="Headerdateien\Ring1\Intrinsic\Concurrency">
      <UniqueIdentifier>{13c816c9-d9e4-4c77-8b2c-33f99542003a}</UniqueIdentifier>
    </Filter>
    <Filter Include="Headerdateien\Ring1\Module">
      <UniqueIdentifier>{0d0e430b-486b-4c2c-9dca-3b8cc2be2372}</UniqueIdentifier>
    </Filter>
    <Filter Include="Headerdateien\Ring1\Memory">
      <UniqueIdentifier>{79636275-64b2-4fc1-bf1a-d3a2e474de40}</UniqueIdentifier>
    </Filter>
    <Filter Include="Headerdateien\Ring1\Memory\Windows">
      <UniqueIdentifier>{c8f4955e-f467-4f28-a113-f99aafb5f0a5}</UniqueIdentifier>
    </Filter>
    <Filter Include="Headerdateien\Ring1\Test">
      <UniqueIdentifier>{354fd9aa-8357-4157-80dc-de4cb74f6aa8}</UniqueIdentifier>
    </Filter>
    <Filter Include="Quelldateien\Ring1">
      <UniqueIdentifier>{cb8e3f96-fe83-49b6-9904-e9ebb2fa5114}</UniqueIdentifier>
    </Filter>
    <Filter Include="Headerdateien\Ring1\Intrinsic">
      <UniqueIdentifier>{91faa8f8-7e4e-4f4b-8d13-adb3d59c1bf3}</UniqueIdentifier>
    </Filter>
    <Filter Include="Quelldateien\Ring1\Intrinsic">
      <UniqueIdentifier>{3af6a947-9e13-4e69-bd58-d21a52a51281}</UniqueIdentifier>
    </Filter>
    <Filter Include="Quelldateien\Ring1\Intrinsic\Add">
      <UniqueIdentifier>{93d975b1-6df9-478b-86fe-a1590f28aae0}</UniqueIdentifier>
    </Filter>
    <Filter Include="Quelldateien\Ring1\Intrinsic\Add\X64">
      <UniqueIdentifier>{270c7c3e-c98b-4c2e-bfcb-f9eaec3ac83c}</UniqueIdentifier>
    </Filter>
    <Filter Include="Quelldateien\Ring1\Intrinsic\Add\X86">
      <UniqueIdentifier>{f2372ba0-e0b3-4b23-a4c5-419b75a5d06b}</UniqueIdentifier>
    </Filter>
    <Filter Include="Quelldateien\Ring1\Intrinsic\CountLeadingZeroes">
      <UniqueIdentifier>{d4a8aab7-9b0a-4189-a1ba-07a54f9af86c}</UniqueIdentifier>
    </Filter>
    <Filter Include="Quelldateien\Ring1\Intrinsic\CountLeadingZeroes\X86">
      <UniqueIdentifier>{cac5483d-59e2-4456-ace1-e8aaff429075}</UniqueIdentifier>
    </Filter>
    <Filter Include="Quelldateien\Ring1\Intrinsic\CountLeadingZeroes\X64">
      <UniqueIdentifier>{03a8f07d-814e-4ca3-aedd-5497edd5b081}</UniqueIdentifier>
    </Filter>
    <Filter Include="Quelldateien\Ring1\Intrinsic\NextPowerOfTwo">
      <UniqueIdentifier>{99448677-e139-46ea-9910-e1ae7144f113}</UniqueIdentifier>
    </Filter>
    <Filter Include="Quelldateien\Ring1\Intrinsic\Subtract">
      <UniqueIdentifier>{9e32e7f6-856e-4cc7-9a9f-b8f6a5536b0c}</UniqueIdentifier>
    </Filter>
    <Filter Include="Quelldateien\Ring1\Intrinsic\Subtract\X86">
      <UniqueIdentifier>{4b41aaff-76ee-4c90-a94e-8ae2ccacb24f}</UniqueIdentifier>
    </Filter>
    <Filter Include="Quelldateien\Ring1\Intrinsic\Subtract\X64">
      <UniqueIdentifier>{0a839de3-0821-47b1-8dfc-16e79cf6cb21}</UniqueIdentifier>
    </Filter>
    <Filter Include="Quelldateien\Ring1\Intrinsic\NextMultipleOf64">
      <UniqueIdentifier>{9a8efaf7-571f-4722-8a61-a758d97f5561}</UniqueIdentifier>
    </Filter>
    <Filter Include="Quelldateien\Ring1\Intrinsic\NextMultipleOf32">
      <UniqueIdentifier>{b42f5630-3043-4bfb-b4c9-28ffd274b1a0}</UniqueIdentifier>
    </Filter>
    <Filter Include="Quelldateien\Ring1\Intrinsic\Multiply">
      <UniqueIdentifier>{b5a49268-ad76-42c1-bd9c-70d0d32948f4}</UniqueIdentifier>
    </Filter>
    <Filter Include="Quelldateien\Ring1\Intrinsic\Multiply\X86">
      <UniqueIdentifier>{d670dc64-03ba-4534-b23e-fd02615209af}</UniqueIdentifier>
    </Filter>
    <Filter Include="Quelldateien\Ring1\Intrinsic\Multiply\X64">
      <UniqueIdentifier>{b46fcbf7-e463-4d68-85dc-372d5af8b5dd}</UniqueIdentifier>
    </Filter>
    <Filter Include="Quelldateien\Ring1\Intrinsic\Concurrency">
      <UniqueIdentifier>{a3b54caf-1645-4b4f-af8b-abc6c05a30f9}</UniqueIdentifier>
    </Filter>
    <Filter Include="Quelldateien\Ring1\Module">
      <UniqueIdentifier>{a265fdd8-1e72-4fde-b171-bc7b75fb536c}</UniqueIdentifier>
    </Filter>
    <Filter Include="Quelldateien\Ring1\Memory">
      <UniqueIdentifier>{89df3147-accb-46ba-8058-fab9ed019f58}</UniqueIdentifier>
    </Filter>
    <Filter Include="Quelldateien\Ring1\Memory\Windows">
      <UniqueIdentifier>{ea8e54c4-3bbc-4415-963b-e0a47599d9cb}</UniqueIdentifier>
    </Filter>
    <Filter Include="Quelldateien\Ring1\Test">
      <UniqueIdentifier>{a75f57ae-7ec2-4320-99d7-edcea69258c2}</UniqueIdentifier>
    </Filter>
    <Filter Include="Headerdateien\Ring1\Intrinsic\Add\X86">
      <UniqueIdentifier>{b81f66de-2d7a-4aac-9436-ac4d61808672}</UniqueIdentifier>
    </Filter>
    <Filter Include="Headerdateien\Ring1\Intrinsic\Add\X64">
      <UniqueIdentifier>{b467f926-c2a2-4932-8c0a-5ed81481ff38}</UniqueIdentifier>
    </Filter>
    <Filter Include="Headerdateien\Ring1\Intrinsic\Multiply\X64">
      <UniqueIdentifier>{598cb1fa-0275-47a4-aaa8-16a6bd3182c0}</UniqueIdentifier>
    </Filter>
    <Filter Include="Headerdateien\Ring1\Intrinsic\Multiply\X86">
      <UniqueIdentifier>{af9c6aea-a9e0-4ffc-ba43-b9cf562e8591}</UniqueIdentifier>
    </Filter>
    <Filter Include="Headerdateien\Ring1\Intrinsic\Subtract\X86">
      <UniqueIdentifier>{d7242259-15cf-4eef-be27-0966566348fa}</UniqueIdentifier>
    </Filter>
    <Filter Include="Headerdateien\Ring1\Intrinsic\Subtract\X64">
      <UniqueIdentifier>{da08837c-2b1e-4302-a674-687cfb79f921}</UniqueIdentifier>
    </Filter>
    <Filter Include="Headerdateien\Ring1\Intrinsic\Subtract\Winapi">
      <UniqueIdentifier>{5bc29fc9-c89a-4717-80ec-f207ba2bcd49}</UniqueIdentifier>
    </Filter>
    <Filter Include="Headerdateien\Ring1\Intrinsic\CountLeadingZeroes\X64">
      <UniqueIdentifier>{f2011f67-5ea7-4f2e-805a-74ad8a1475fa}</UniqueIdentifier>
    </Filter>
    <Filter Include="Headerdateien\Ring1\Intrinsic\CountLeadingZeroes\X86">
      <UniqueIdentifier>{c636b394-3b54-4e0c-b730-f2a0895c3503}</UniqueIdentifier>
    </Filter>
    <Filter Include="Quelldateien\Ring1\Intrinsic\Subtract">
      <UniqueIdentifier>{9e32e7f6-856e-4cc7-9a9f-b8f6a5536b0c}</UniqueIdentifier>
    </Filter>
    <Filter Include="Quelldateien\Ring1\Intrinsic\Subtract\X86">
      <UniqueIdentifier>{4b41aaff-76ee-4c90-a94e-8ae2ccacb24f}</UniqueIdentifier>
    </Filter>
    <Filter Include="Quelldateien\Ring1\Intrinsic\Subtract\X64">
      <UniqueIdentifier>{0a839de3-0821-47b1-8dfc-16e79cf6cb21}</UniqueIdentifier>
    </Filter>
    <MASM Include="Ring1\Intrinsic\Add\X64\add_s8.asm">
      <Filter>Quelldateien\Ring1\Intrinsic\Add\X64</Filter>
    </MASM>
    <MASM Include="Ring1\Intrinsic\Add\X64\add_s16.asm">
      <Filter>Quelldateien\Ring1\Intrinsic\Add\X64</Filter>
    </MASM>
    <MASM Include="Ring1\Intrinsic\Add\X64\add_s32.asm">
      <Filter>Quelldateien\Ring1\Intrinsic\Add\X64</Filter>
    </MASM>
    <MASM Include="Ring1\Intrinsic\Add\X64\add_s64.asm">
      <Filter>Quelldateien\Ring1\Intrinsic\Add\X64</Filter>
    </MASM>
    <MASM Include="Ring1\Intrinsic\Add\X86\add_u8.asm">
      <Filter>Quelldateien\Ring1\Intrinsic\Add\X86</Filter>
    </MASM>
    <MASM Include="Ring1\Intrinsic\Add\X86\add_s8.asm">
      <Filter>Quelldateien\Ring1\Intrinsic\Add\X86</Filter>
    </MASM>
    <MASM Include="Ring1\Intrinsic\Add\X86\add_s16.asm">
      <Filter>Quelldateien\Ring1\Intrinsic\Add\X86</Filter>
    </MASM>
    <MASM Include="Ring1\Intrinsic\Add\X86\add_s32.asm">
      <Filter>Quelldateien\Ring1\Intrinsic\Add\X86</Filter>
    </MASM>
    <MASM Include="Ring1\Intrinsic\Add\X86\add_s64.asm">
      <Filter>Quelldateien\Ring1\Intrinsic\Add\X86</Filter>
    </MASM>
    <MASM Include="Ring1\Intrinsic\Add\X64\add_u8.asm">
      <Filter>Quelldateien\Ring1\Intrinsic\Add\X64</Filter>
    </MASM>
    <MASM Include="Ring1\Intrinsic\Add\X64\add_u16.asm">
      <Filter>Quelldateien\Ring1\Intrinsic\Add\X64</Filter>
    </MASM>
    <MASM Include="Ring1\Intrinsic\Add\X64\add_u32.asm">
      <Filter>Quelldateien\Ring1\Intrinsic\Add\X64</Filter>
    </MASM>
    <MASM Include="Ring1\Intrinsic\Add\X64\add_u64.asm">
      <Filter>Quelldateien\Ring1\Intrinsic\Add\X64</Filter>
    </MASM>
    <MASM Include="Ring1\Intrinsic\Add\X86\add_u64.asm">
      <Filter>Quelldateien\Ring1\Intrinsic\Add\X86</Filter>
    </MASM>
    <MASM Include="Ring1\Intrinsic\Add\X86\add_u16.asm">
      <Filter>Quelldateien\Ring1\Intrinsic\Add\X86</Filter>
    </MASM>
    <MASM Include="Ring1\Intrinsic\Add\X86\add_u32.asm">
      <Filter>Quelldateien\Ring1\Intrinsic\Add\X86</Filter>
    </MASM>
    <MASM Include="Ring1\Intrinsic\Subtract\X86\subtract_s8.asm">
      <Filter>Quelldateien\Ring1\Intrinsic\Subtract\X86</Filter>
    </MASM>
    <MASM Include="Ring1\Intrinsic\Subtract\X86\subtract_s16.asm">
      <Filter>Quelldateien\Ring1\Intrinsic\Subtract\X86</Filter>
    </MASM>
    <MASM Include="Ring1\Intrinsic\Subtract\X86\subtract_s32.asm">
      <Filter>Quelldateien\Ring1\Intrinsic\Subtract\X86</Filter>
    </MASM>
    <MASM Include="Ring1\Intrinsic\Subtract\X86\subtract_u64.asm">
      <Filter>Quelldateien\Ring1\Intrinsic\Subtract\X86</Filter>
    </MASM>
    <MASM Include="Ring1\Intrinsic\Subtract\X64\subtract_s8.asm">
      <Filter>Quelldateien\Ring1\Intrinsic\Subtract\X64</Filter>
    </MASM>
    <MASM Include="Ring1\Intrinsic\Subtract\X64\subtract_s16.asm">
      <Filter>Quelldateien\Ring1\Intrinsic\Subtract\X64</Filter>
    </MASM>
    <MASM Include="Ring1\Intrinsic\Subtract\X64\subtract_s32.asm">
      <Filter>Quelldateien\Ring1\Intrinsic\Subtract\X64</Filter>
    </MASM>
    <MASM Include="Ring1\Intrinsic\Subtract\X64\subtract_s64.asm">
      <Filter>Quelldateien\Ring1\Intrinsic\Subtract\X64</Filter>
    </MASM>
    <MASM Include="Ring1\Intrinsic\Subtract\X64\subtract_u8.asm">
      <Filter>Quelldateien\Ring1\Intrinsic\Subtract\X64</Filter>
    </MASM>
    <MASM Include="Ring1\Intrinsic\Subtract\X64\subtract_u16.asm">
      <Filter>Quelldateien\Ring1\Intrinsic\Subtract\X64</Filter>
    </MASM>
    <MASM Include="Ring1\Intrinsic\Subtract\X64\subtract_u32.asm">
      <Filter>Quelldateien\Ring1\Intrinsic\Subtract\X64</Filter>
    </MASM>
    <MASM Include="Ring1\Intrinsic\Subtract\X64\subtract_u64.asm">
      <Filter>Quelldateien\Ring1\Intrinsic\Subtract\X64</Filter>
    </MASM>
    <MASM Include="Ring1\Intrinsic\Subtract\X86\subtract_s64.asm">
      <Filter>Quelldateien\Ring1\Intrinsic\Subtract\X86</Filter>
    </MASM>
    <MASM Include="Ring1\Intrinsic\Subtract\X86\subtract_u8.asm">
      <Filter>Quelldateien\Ring1\Intrinsic\Subtract\X86</Filter>
    </MASM>
    <MASM Include="Ring1\Intrinsic\Subtract\X86\subtract_u32.asm">
      <Filter>Quelldateien\Ring1\Intrinsic\Subtract\X86</Filter>
    </MASM>
    <MASM Include="Ring1\Intrinsic\Subtract\X86\subtract_u16.asm">
      <Filter>Quelldateien\Ring1\Intrinsic\Subtract\X86</Filter>
    </MASM>
    <Filter Include="Headerdateien\Ring1\Intrinsic\NextPowerOfTwo">
      <UniqueIdentifier>{1e1025d8-67fe-42ae-92d1-98e89c122328}</UniqueIdentifier>
    </Filter>
  </ItemGroup>
  <ItemGroup>
    <ClInclude Include="Ring1\Intrinsic\Subtract\subtract.h">
      <Filter>Headerdateien\Ring1\Intrinsic\Subtract</Filter>
    </ClInclude>
    <ClInclude Include="Ring1\Intrinsic\CountLeadingZeroes\countLeadingZeroes.h">
      <Filter>Headerdateien\Ring1\Intrinsic\CountLeadingZeroes</Filter>
    </ClInclude>
    <ClInclude Include="Ring1\Intrinsic\Concurrency\ReadWriteLock.h">
      <Filter>Headerdateien\Ring1\Intrinsic\Concurrency</Filter>
    </ClInclude>
    <ClInclude Include="Ring1\Memory.h">
      <Filter>Headerdateien\Ring1</Filter>
    </ClInclude>
    <ClInclude Include="Ring1\Module\Configuration.h">
      <Filter>Headerdateien\Ring1\Module</Filter>
    </ClInclude>
    <ClInclude Include="Ring1\ReferenceCounter.h">
      <Filter>Headerdateien\Ring1</Filter>
    </ClInclude>
    <ClInclude Include="Ring1\Status.h">
      <Filter>Headerdateien\Ring1</Filter>
    </ClInclude>
    <ClInclude Include="Ring1\Memory\Configuration.h">
      <Filter>Headerdateien\Ring1\Memory</Filter>
    </ClInclude>
    <ClInclude Include="Ring1\Memory\recomputeSize.h">
      <Filter>Headerdateien\Ring1\Memory</Filter>
    </ClInclude>
    <ClInclude Include="Ring1\Memory\Statistics.h">
      <Filter>Headerdateien\Ring1\Memory</Filter>
    </ClInclude>
    <ClInclude Include="Ring1\Memory\Windows\getPageSize.h">
      <Filter>Headerdateien\Ring1\Memory\Windows</Filter>
    </ClInclude>
    <ClInclude Include="Ring1\Test.h">
      <Filter>Headerdateien\Ring1</Filter>
    </ClInclude>
    <ClInclude Include="Ring1\Result.h">
      <Filter>Headerdateien\Ring1</Filter>
    </ClInclude>
    <ClInclude Include="Ring1\Intrinsic\Add\Configuration.h">
      <Filter>Headerdateien\Ring1\Intrinsic\Add</Filter>
    </ClInclude>
    <ClInclude Include="Ring1\Intrinsic\Subtract\Configuration.h">
      <Filter>Headerdateien\Ring1\Intrinsic\Subtract</Filter>
    </ClInclude>
    <ClInclude Include="Ring1\Intrinsic\CheckReturn.h">
      <Filter>Headerdateien\Ring1\Intrinsic</Filter>
    </ClInclude>
    <ClInclude Include="Ring1\Intrinsic\Add\add.h">
      <Filter>Headerdateien\Ring1\Intrinsic\Add</Filter>
    </ClInclude>
    <ClInclude Include="Ring1\Module.h">
      <Filter>Headerdateien\Ring1</Filter>
    </ClInclude>
    <ClInclude Include="Ring1\Intrinsic\CountLeadingZeroes\X64\countLeadingZeroes_u32.h">
      <Filter>Headerdateien\Ring1\Intrinsic\CountLeadingZeroes\X64</Filter>
    </ClInclude>
    <ClInclude Include="Ring1\Intrinsic\CountLeadingZeroes\X64\countLeadingZeroes_u16.h">
      <Filter>Headerdateien\Ring1\Intrinsic\CountLeadingZeroes\X64</Filter>
    </ClInclude>
    <ClInclude Include="Ring1\Intrinsic\CountLeadingZeroes\X64\countLeadingZeroes_u8.h">
      <Filter>Headerdateien\Ring1\Intrinsic\CountLeadingZeroes\X64</Filter>
    </ClInclude>
    <ClInclude Include="Ring1\Intrinsic\CountLeadingZeroes\X86\countLeadingZeroes_u64.h">
      <Filter>Headerdateien\Ring1\Intrinsic\CountLeadingZeroes\X86</Filter>
    </ClInclude>
    <ClInclude Include="Ring1\Intrinsic\CountLeadingZeroes\X86\countLeadingZeroes_u32.h">
      <Filter>Headerdateien\Ring1\Intrinsic\CountLeadingZeroes\X86</Filter>
    </ClInclude>
    <ClInclude Include="Ring1\Intrinsic\CountLeadingZeroes\X86\countLeadingZeroes_u16.h">
      <Filter>Headerdateien\Ring1\Intrinsic\CountLeadingZeroes\X86</Filter>
    </ClInclude>
    <ClInclude Include="Ring1\Intrinsic\CountLeadingZeroes\X86\countLeadingZeroes_u8.h">
      <Filter>Headerdateien\Ring1\Intrinsic\CountLeadingZeroes\X86</Filter>
    </ClInclude>
    <ClInclude Include="Ring1\Intrinsic\Multiply\multiply.h">
      <Filter>Headerdateien\Ring1\Intrinsic\Multiply</Filter>
    </ClInclude>
    <ClInclude Include="Ring1\Intrinsic\NextMultipleOf32\nextMultipleOf32.h">
      <Filter>Headerdateien\Ring1\Intrinsic\NextMultipleOf32</Filter>
    </ClInclude>
    <ClInclude Include="Ring1\Intrinsic\NextMultipleOf64\nextMultipleOf64.h">
      <Filter>Headerdateien\Ring1\Intrinsic\NextMultipleOf64</Filter>
    </ClInclude>
    <ClInclude Include="Ring1\Intrinsic\atomicDecrement.h">
      <Filter>Headerdateien\Ring1\Intrinsic</Filter>
    </ClInclude>
    <ClInclude Include="Ring1\Intrinsic\atomicGet.h">
      <Filter>Headerdateien\Ring1\Intrinsic</Filter>
    </ClInclude>
    <ClInclude Include="Ring1\Intrinsic\atomicIncrement.h">
      <Filter>Headerdateien\Ring1\Intrinsic</Filter>
    </ClInclude>
    <ClInclude Include="Ring1\Intrinsic\CheckReturn.h">
      <Filter>Headerdateien\Ring1\Intrinsic</Filter>
    </ClInclude>
    <ClInclude Include="Ring1\Intrinsic\clamp.h">
      <Filter>Headerdateien\Ring1\Intrinsic</Filter>
    </ClInclude>
    <ClInclude Include="Ring1\Intrinsic\Configuration.h">
      <Filter>Headerdateien\Ring1\Intrinsic</Filter>
    </ClInclude>
    <ClInclude Include="Ring1\Intrinsic\countLeadingZeroes.h">
      <Filter>Headerdateien\Ring1\Intrinsic</Filter>
    </ClInclude>
    <ClInclude Include="Ring1\Intrinsic\Environment.h">
      <Filter>Headerdateien\Ring1\Intrinsic</Filter>
    </ClInclude>
    <ClInclude Include="Ring1\Intrinsic\FloatingPointTypes.h">
      <Filter>Headerdateien\Ring1\Intrinsic</Filter>
    </ClInclude>
    <ClInclude Include="Ring1\Intrinsic\isPowerOfTwo.h">
      <Filter>Headerdateien\Ring1\Intrinsic</Filter>
    </ClInclude>
    <ClInclude Include="Ring1\Intrinsic\Likely.h">
      <Filter>Headerdateien\Ring1\Intrinsic</Filter>
    </ClInclude>
    <ClInclude Include="Ring1\Intrinsic\maximum.h">
      <Filter>Headerdateien\Ring1\Intrinsic</Filter>
    </ClInclude>
    <ClInclude Include="Ring1\Intrinsic\minimum.h">
      <Filter>Headerdateien\Ring1\Intrinsic</Filter>
    </ClInclude>
    <ClInclude Include="Ring1\Intrinsic\nextMultipleOf32.h">
      <Filter>Headerdateien\Ring1\Intrinsic</Filter>
    </ClInclude>
    <ClInclude Include="Ring1\Intrinsic\nextMultipleOf64.h">
      <Filter>Headerdateien\Ring1\Intrinsic</Filter>
    </ClInclude>
    <ClInclude Include="Ring1\Intrinsic\ThreadLocal.h">
      <Filter>Headerdateien\Ring1\Intrinsic</Filter>
    </ClInclude>
    <ClInclude Include="Ring1\Intrinsic\Unlikely.h">
      <Filter>Headerdateien\Ring1\Intrinsic</Filter>
    </ClInclude>
    <ClInclude Include="Ring1\Test\Commons.h">
      <Filter>Headerdateien\Ring1\Test</Filter>
    </ClInclude>
    <ClInclude Include="Ring1\Test\Configuration.h">
      <Filter>Headerdateien\Ring1\Test</Filter>
    </ClInclude>
    <ClInclude Include="Ring1\Test\Context.h">
      <Filter>Headerdateien\Ring1\Test</Filter>
    </ClInclude>
    <ClInclude Include="Ring1\Test\Node.h">
      <Filter>Headerdateien\Ring1\Test</Filter>
    </ClInclude>
    <ClInclude Include="Ring1\Intrinsic\Multiply\X64\multiply_s8.h">
      <Filter>Headerdateien\Ring1\Intrinsic\Multiply\X64</Filter>
    </ClInclude>
    <ClInclude Include="Ring1\Intrinsic\Multiply\X64\multiply_s16.h">
      <Filter>Headerdateien\Ring1\Intrinsic\Multiply\X64</Filter>
    </ClInclude>
    <ClInclude Include="Ring1\Intrinsic\Multiply\X64\multiply_s32.h">
      <Filter>Headerdateien\Ring1\Intrinsic\Multiply\X64</Filter>
    </ClInclude>
    <ClInclude Include="Ring1\Intrinsic\Multiply\X64\multiply_s64.h">
      <Filter>Headerdateien\Ring1\Intrinsic\Multiply\X64</Filter>
    </ClInclude>
    <ClInclude Include="Ring1\Intrinsic\Multiply\X64\multiply_u8.h">
      <Filter>Headerdateien\Ring1\Intrinsic\Multiply\X64</Filter>
    </ClInclude>
    <ClInclude Include="Ring1\Intrinsic\Multiply\X64\multiply_u16.h">
      <Filter>Headerdateien\Ring1\Intrinsic\Multiply\X64</Filter>
    </ClInclude>
    <ClInclude Include="Ring1\Intrinsic\Multiply\X64\multiply_u32.h">
      <Filter>Headerdateien\Ring1\Intrinsic\Multiply\X64</Filter>
    </ClInclude>
    <ClInclude Include="Ring1\Intrinsic\Multiply\X64\multiply_u64.h">
      <Filter>Headerdateien\Ring1\Intrinsic\Multiply\X64</Filter>
    </ClInclude>
    <ClInclude Include="Ring1\Intrinsic\Multiply\X86\multiply_s8.h">
      <Filter>Headerdateien\Ring1\Intrinsic\Multiply\X86</Filter>
    </ClInclude>
    <ClInclude Include="Ring1\Intrinsic\Multiply\X86\multiply_s16.h">
      <Filter>Headerdateien\Ring1\Intrinsic\Multiply\X86</Filter>
    </ClInclude>
    <ClInclude Include="Ring1\Intrinsic\Multiply\X86\multiply_s32.h">
      <Filter>Headerdateien\Ring1\Intrinsic\Multiply\X86</Filter>
    </ClInclude>
    <ClInclude Include="Ring1\Intrinsic\Multiply\X86\multiply_s64.h">
      <Filter>Headerdateien\Ring1\Intrinsic\Multiply\X86</Filter>
    </ClInclude>
    <ClInclude Include="Ring1\Intrinsic\Multiply\X86\multiply_u8.h">
      <Filter>Headerdateien\Ring1\Intrinsic\Multiply\X86</Filter>
    </ClInclude>
    <ClInclude Include="Ring1\Intrinsic\Multiply\X86\multiply_u16.h">
      <Filter>Headerdateien\Ring1\Intrinsic\Multiply\X86</Filter>
    </ClInclude>
    <ClInclude Include="Ring1\Intrinsic\Multiply\X86\multiply_u32.h">
      <Filter>Headerdateien\Ring1\Intrinsic\Multiply\X86</Filter>
    </ClInclude>
    <ClInclude Include="Ring1\Intrinsic\Multiply\X86\multiply_u64.h">
      <Filter>Headerdateien\Ring1\Intrinsic\Multiply\X86</Filter>
    </ClInclude>
    <ClInclude Include="Ring1\Intrinsic\NextMultipleOf32\nextMultipleOf32.h">
      <Filter>Headerdateien\Ring1\Intrinsic\NextMultipleOf32</Filter>
    </ClInclude>
    <ClInclude Include="Ring1\Intrinsic\NextMultipleOf64\nextMultipleOf64.h">
      <Filter>Headerdateien\Ring1\Intrinsic\NextMultipleOf64</Filter>
    </ClInclude>
    <ClInclude Include="Ring1\Intrinsic\NextPowerOfTwo\nextPowerOfTwo.h">
      <Filter>Headerdateien\Ring1\Intrinsic\NextPowerOfTwo</Filter>
    </ClInclude>
    <ClInclude Include="Ring1\Intrinsic\Subtract\Winapi\subtract_s8.h">
      <Filter>Headerdateien\Ring1\Intrinsic\Subtract\Winapi</Filter>
    </ClInclude>
    <ClInclude Include="Ring1\Intrinsic\Subtract\Winapi\subtract_s16.h">
      <Filter>Headerdateien\Ring1\Intrinsic\Subtract\Winapi</Filter>
    </ClInclude>
    <ClInclude Include="Ring1\Intrinsic\Subtract\Winapi\subtract_s32.h">
      <Filter>Headerdateien\Ring1\Intrinsic\Subtract\Winapi</Filter>
    </ClInclude>
    <ClInclude Include="Ring1\Intrinsic\Subtract\Winapi\subtract_s64.h">
      <Filter>Headerdateien\Ring1\Intrinsic\Subtract\Winapi</Filter>
    </ClInclude>
    <ClInclude Include="Ring1\Intrinsic\Subtract\Winapi\subtract_u8.h">
      <Filter>Headerdateien\Ring1\Intrinsic\Subtract\Winapi</Filter>
    </ClInclude>
    <ClInclude Include="Ring1\Intrinsic\Subtract\Winapi\subtract_u16.h">
      <Filter>Headerdateien\Ring1\Intrinsic\Subtract\Winapi</Filter>
    </ClInclude>
    <ClInclude Include="Ring1\Intrinsic\Subtract\Winapi\subtract_u32.h">
      <Filter>Headerdateien\Ring1\Intrinsic\Subtract\Winapi</Filter>
    </ClInclude>
    <ClInclude Include="Ring1\Intrinsic\Subtract\Winapi\subtract_u64.h">
      <Filter>Headerdateien\Ring1\Intrinsic\Subtract\Winapi</Filter>
    </ClInclude>
    <ClInclude Include="Ring1\Intrinsic\Subtract\X64\subtract_s8.h">
      <Filter>Headerdateien\Ring1\Intrinsic\Subtract\X64</Filter>
    </ClInclude>
    <ClInclude Include="Ring1\Intrinsic\Subtract\X64\subtract_s16.h">
      <Filter>Headerdateien\Ring1\Intrinsic\Subtract\X64</Filter>
    </ClInclude>
    <ClInclude Include="Ring1\Intrinsic\Subtract\X64\subtract_s32.h">
      <Filter>Headerdateien\Ring1\Intrinsic\Subtract\X64</Filter>
    </ClInclude>
    <ClInclude Include="Ring1\Intrinsic\Subtract\X64\subtract_s64.h">
      <Filter>Headerdateien\Ring1\Intrinsic\Subtract\X64</Filter>
    </ClInclude>
    <ClInclude Include="Ring1\Intrinsic\Subtract\X64\subtract_u8.h">
      <Filter>Headerdateien\Ring1\Intrinsic\Subtract\X64</Filter>
    </ClInclude>
    <ClInclude Include="Ring1\Intrinsic\Subtract\X64\subtract_u16.h">
      <Filter>Headerdateien\Ring1\Intrinsic\Subtract\X64</Filter>
    </ClInclude>
    <ClInclude Include="Ring1\Intrinsic\Subtract\X64\subtract_u32.h">
      <Filter>Headerdateien\Ring1\Intrinsic\Subtract\X64</Filter>
    </ClInclude>
    <ClInclude Include="Ring1\Intrinsic\Subtract\X64\subtract_u64.h">
      <Filter>Headerdateien\Ring1\Intrinsic\Subtract\X64</Filter>
    </ClInclude>
    <ClInclude Include="Ring1\Intrinsic\Subtract\X86\subtract_s8.h">
      <Filter>Headerdateien\Ring1\Intrinsic\Subtract\X86</Filter>
    </ClInclude>
    <ClInclude Include="Ring1\Intrinsic\Subtract\X86\subtract_s16.h">
      <Filter>Headerdateien\Ring1\Intrinsic\Subtract\X86</Filter>
    </ClInclude>
    <ClInclude Include="Ring1\Intrinsic\Subtract\X86\subtract_s32.h">
      <Filter>Headerdateien\Ring1\Intrinsic\Subtract\X86</Filter>
    </ClInclude>
    <ClInclude Include="Ring1\Intrinsic\Subtract\X86\subtract_s64.h">
      <Filter>Headerdateien\Ring1\Intrinsic\Subtract\X86</Filter>
    </ClInclude>
    <ClInclude Include="Ring1\Intrinsic\Subtract\X86\subtract_u8.h">
      <Filter>Headerdateien\Ring1\Intrinsic\Subtract\X86</Filter>
    </ClInclude>
    <ClInclude Include="Ring1\Intrinsic\Subtract\X86\subtract_u16.h">
      <Filter>Headerdateien\Ring1\Intrinsic\Subtract\X86</Filter>
    </ClInclude>
    <ClInclude Include="Ring1\Intrinsic\Subtract\X86\subtract_u32.h">
      <Filter>Headerdateien\Ring1\Intrinsic\Subtract\X86</Filter>
    </ClInclude>
    <ClInclude Include="Ring1\Intrinsic\Subtract\X86\subtract_u64.h">
      <Filter>Headerdateien\Ring1\Intrinsic\Subtract\X86</Filter>
    </ClInclude>
    <ClInclude Include="Ring1\Intrinsic\CountLeadingZeroes\X64\countLeadingZeroes_u8.h">
      <Filter>Headerdateien\Ring1\Intrinsic\CountLeadingZeroes\X64</Filter>
    </ClInclude>
    <ClInclude Include="Ring1\Intrinsic\CountLeadingZeroes\X64\countLeadingZeroes_u16.h">
      <Filter>Headerdateien\Ring1\Intrinsic\CountLeadingZeroes\X64</Filter>
    </ClInclude>
    <ClInclude Include="Ring1\Intrinsic\CountLeadingZeroes\X64\countLeadingZeroes_u32.h">
      <Filter>Headerdateien\Ring1\Intrinsic\CountLeadingZeroes\X64</Filter>
    </ClInclude>
    <ClInclude Include="Ring1\Intrinsic\CountLeadingZeroes\X64\countLeadingZeroes_u64.h">
      <Filter>Headerdateien\Ring1\Intrinsic\CountLeadingZeroes\X64</Filter>
    </ClInclude>
    <ClInclude Include="Ring1\Intrinsic\CountLeadingZeroes\X86\countLeadingZeroes_u8.h">
      <Filter>Headerdateien\Ring1\Intrinsic\CountLeadingZeroes\X86</Filter>
    </ClInclude>
    <ClInclude Include="Ring1\Intrinsic\CountLeadingZeroes\X86\countLeadingZeroes_u16.h">
      <Filter>Headerdateien\Ring1\Intrinsic\CountLeadingZeroes\X86</Filter>
    </ClInclude>
    <ClInclude Include="Ring1\Intrinsic\CountLeadingZeroes\X86\countLeadingZeroes_u32.h">
      <Filter>Headerdateien\Ring1\Intrinsic\CountLeadingZeroes\X86</Filter>
    </ClInclude>
    <ClInclude Include="Ring1\Intrinsic\CountLeadingZeroes\X86\countLeadingZeroes_u64.h">
      <Filter>Headerdateien\Ring1\Intrinsic\CountLeadingZeroes\X86</Filter>
    </ClInclude>
    <ClInclude Include="Ring1\Intrinsic\Add\X64\add_s8.h">
      <Filter>Headerdateien\Ring1\Intrinsic\Add\X64</Filter>
    </ClInclude>
    <ClInclude Include="Ring1\Intrinsic\Add\X64\add_s16.h">
      <Filter>Headerdateien\Ring1\Intrinsic\Add\X64</Filter>
    </ClInclude>
    <ClInclude Include="Ring1\Intrinsic\Add\X64\add_s32.h">
      <Filter>Headerdateien\Ring1\Intrinsic\Add\X64</Filter>
    </ClInclude>
    <ClInclude Include="Ring1\Intrinsic\Add\X64\add_s64.h">
      <Filter>Headerdateien\Ring1\Intrinsic\Add\X64</Filter>
    </ClInclude>
    <ClInclude Include="Ring1\Intrinsic\Add\X64\add_u8.h">
      <Filter>Headerdateien\Ring1\Intrinsic\Add\X64</Filter>
    </ClInclude>
    <ClInclude Include="Ring1\Intrinsic\Add\X64\add_u16.h">
      <Filter>Headerdateien\Ring1\Intrinsic\Add\X64</Filter>
    </ClInclude>
    <ClInclude Include="Ring1\Intrinsic\Add\X64\add_u32.h">
      <Filter>Headerdateien\Ring1\Intrinsic\Add\X64</Filter>
    </ClInclude>
    <ClInclude Include="Ring1\Intrinsic\Add\X64\add_u64.h">
      <Filter>Headerdateien\Ring1\Intrinsic\Add\X64</Filter>
    </ClInclude>
    <ClInclude Include="Ring1\Intrinsic\Add\X86\add_s8.h">
      <Filter>Headerdateien\Ring1\Intrinsic\Add\X86</Filter>
    </ClInclude>
    <ClInclude Include="Ring1\Intrinsic\Add\X86\add_s16.h">
      <Filter>Headerdateien\Ring1\Intrinsic\Add\X86</Filter>
    </ClInclude>
    <ClInclude Include="Ring1\Intrinsic\Add\X86\add_s32.h">
      <Filter>Headerdateien\Ring1\Intrinsic\Add\X86</Filter>
    </ClInclude>
    <ClInclude Include="Ring1\Intrinsic\Add\X86\add_s64.h">
      <Filter>Headerdateien\Ring1\Intrinsic\Add\X86</Filter>
    </ClInclude>
    <ClInclude Include="Ring1\Intrinsic\Add\X86\add_u8.h">
      <Filter>Headerdateien\Ring1\Intrinsic\Add\X86</Filter>
    </ClInclude>
    <ClInclude Include="Ring1\Intrinsic\Add\X86\add_u16.h">
      <Filter>Headerdateien\Ring1\Intrinsic\Add\X86</Filter>
    </ClInclude>
    <ClInclude Include="Ring1\Intrinsic\Add\X86\add_u32.h">
      <Filter>Headerdateien\Ring1\Intrinsic\Add\X86</Filter>
    </ClInclude>
    <ClInclude Include="Ring1\Intrinsic\Add\X86\add_u64.h">
      <Filter>Headerdateien\Ring1\Intrinsic\Add\X86</Filter>
    </ClInclude>
    <ClInclude Include="Ring1\Time.h">
      <Filter>Headerdateien\Ring1</Filter>
    </ClInclude>
    <ClInclude Include="Ring1\Intrinsic\NoReturn.h">
      <Filter>Headerdateien\Ring1\Intrinsic</Filter>
    </ClInclude>
    <ClInclude Include="Ring1\Intrinsic\Deprecated.h">
      <Filter>Headerdateien\Ring1\Intrinsic</Filter>
    </ClInclude>
    <ClInclude Include="Ring1\Intrinsic\Inline.h">
      <Filter>Headerdateien\Ring1\Intrinsic</Filter>
    </ClInclude>
    <ClInclude Include="Ring1\ByteBuffer.h">
      <Filter>Headerdateien\Ring1</Filter>
    </ClInclude>
    <ClInclude Include="Ring1\Hash.h">
      <Filter>Headerdateien\Ring1</Filter>
    </ClInclude>
  </ItemGroup>
  <ItemGroup>
    <ClCompile Include="Ring1\Intrinsic\CheckReturn.c">
      <Filter>Quelldateien\Ring1\Intrinsic</Filter>
    </ClCompile>
    <ClCompile Include="Ring1\Intrinsic\ThreadLocal.c">
      <Filter>Quelldateien\Ring1\Intrinsic</Filter>
    </ClCompile>
    <ClCompile Include="Ring1\Intrinsic\Add\add.c">
      <Filter>Quelldateien\Ring1\Intrinsic\Add</Filter>
    </ClCompile>
    <ClCompile Include="Ring1\Intrinsic\Subtract\subtract.c">
      <Filter>Quelldateien\Ring1\Intrinsic\Subtract</Filter>
    </ClCompile>
    <ClCompile Include="Ring1\Intrinsic\CountLeadingZeroes\countLeadingZeroes.c">
      <Filter>Quelldateien\Ring1\Intrinsic\CountLeadingZeroes</Filter>
    </ClCompile>
    <ClCompile Include="Ring1\Intrinsic\CountLeadingZeroes\X64\countLeadingZeroes_u32.c">
      <Filter>Quelldateien\Ring1\Intrinsic\CountLeadingZeroes\X64</Filter>
    </ClCompile>
    <ClCompile Include="Ring1\Intrinsic\CountLeadingZeroes\X64\countLeadingZeroes_u64.c">
      <Filter>Quelldateien\Ring1\Intrinsic\CountLeadingZeroes\X64</Filter>
    </ClCompile>
    <ClCompile Include="Ring1\Intrinsic\CountLeadingZeroes\X86\countLeadingZeroes_u32.c">
      <Filter>Quelldateien\Ring1\Intrinsic\CountLeadingZeroes\X86</Filter>
    </ClCompile>
    <ClCompile Include="Ring1\Intrinsic\CountLeadingZeroes\X86\countLeadingZeroes_u64.c">
      <Filter>Quelldateien\Ring1\Intrinsic\CountLeadingZeroes\X86</Filter>
    </ClCompile>
    <ClCompile Include="Ring1\Intrinsic\CountLeadingZeroes\X86\countLeadingZeroes_u8.c">
      <Filter>Quelldateien\Ring1\Intrinsic\CountLeadingZeroes\X86</Filter>
    </ClCompile>
    <ClCompile Include="Ring1\Intrinsic\CountLeadingZeroes\X64\countLeadingZeroes_u8.c">
      <Filter>Quelldateien\Ring1\Intrinsic\CountLeadingZeroes\X64</Filter>
    </ClCompile>
    <ClCompile Include="Ring1\Intrinsic\CountLeadingZeroes\X64\countLeadingZeroes_u16.c">
      <Filter>Quelldateien\Ring1\Intrinsic\CountLeadingZeroes\X64</Filter>
    </ClCompile>
    <ClCompile Include="Ring1\Intrinsic\CountLeadingZeroes\X86\countLeadingZeroes_u16.c">
      <Filter>Quelldateien\Ring1\Intrinsic\CountLeadingZeroes\X86</Filter>
    </ClCompile>
    <ClCompile Include="Ring1\Intrinsic\Concurrency\ReadWriteLock.c">
      <Filter>Quelldateien\Ring1\Intrinsic\Concurrency</Filter>
    </ClCompile>
    <ClCompile Include="Ring1\Intrinsic\NextPowerOfTwo\nextPowerOfTwo_u64.c">
      <Filter>Quelldateien\Ring1\Intrinsic\NextPowerOfTwo</Filter>
    </ClCompile>
    <ClCompile Include="Ring1\Intrinsic\NextPowerOfTwo\nextPowerOfTwo_s16.c">
      <Filter>Quelldateien\Ring1\Intrinsic\NextPowerOfTwo</Filter>
    </ClCompile>
    <ClCompile Include="Ring1\Intrinsic\NextPowerOfTwo\nextPowerOfTwo_s32.c">
      <Filter>Quelldateien\Ring1\Intrinsic\NextPowerOfTwo</Filter>
    </ClCompile>
    <ClCompile Include="Ring1\Intrinsic\NextPowerOfTwo\nextPowerOfTwo_s64.c">
      <Filter>Quelldateien\Ring1\Intrinsic\NextPowerOfTwo</Filter>
    </ClCompile>
    <ClCompile Include="Ring1\Intrinsic\NextPowerOfTwo\nextPowerOfTwo_sz.c">
      <Filter>Quelldateien\Ring1\Intrinsic\NextPowerOfTwo</Filter>
    </ClCompile>
    <ClCompile Include="Ring1\Intrinsic\NextPowerOfTwo\nextPowerOfTwo_u8.c">
      <Filter>Quelldateien\Ring1\Intrinsic\NextPowerOfTwo</Filter>
    </ClCompile>
    <ClCompile Include="Ring1\Intrinsic\NextPowerOfTwo\nextPowerOfTwo_u16.c">
      <Filter>Quelldateien\Ring1\Intrinsic\NextPowerOfTwo</Filter>
    </ClCompile>
    <ClCompile Include="Ring1\Intrinsic\NextPowerOfTwo\nextPowerOfTwo_u32.c">
      <Filter>Quelldateien\Ring1\Intrinsic\NextPowerOfTwo</Filter>
    </ClCompile>
    <ClCompile Include="Ring1\Intrinsic\NextPowerOfTwo\nextPowerOfTwo_s8.c">
      <Filter>Quelldateien\Ring1\Intrinsic\NextPowerOfTwo</Filter>
    </ClCompile>
    <ClCompile Include="Ring1\Intrinsic\Multiply\X86\multiply_s64.c">
      <Filter>Quelldateien\Ring1\Intrinsic\Multiply\X86</Filter>
    </ClCompile>
    <ClCompile Include="Ring1\Intrinsic\Multiply\X86\multiply_u64.c">
      <Filter>Quelldateien\Ring1\Intrinsic\Multiply\X86</Filter>
    </ClCompile>
    <ClCompile Include="Ring1\Intrinsic\Multiply\X64\multiply_s64.c">
      <Filter>Quelldateien\Ring1\Intrinsic\Multiply\X64</Filter>
    </ClCompile>
    <ClCompile Include="Ring1\Intrinsic\Multiply\X64\multiply_u64.c">
      <Filter>Quelldateien\Ring1\Intrinsic\Multiply\X64</Filter>
    </ClCompile>
    <ClCompile Include="Ring1\Intrinsic\Likely.c">
      <Filter>Quelldateien\Ring1\Intrinsic</Filter>
    </ClCompile>
    <ClCompile Include="Ring1\Intrinsic\Unlikely.c">
      <Filter>Quelldateien\Ring1\Intrinsic</Filter>
    </ClCompile>
    <ClCompile Include="Ring1\Intrinsic\Multiply\multiply.c">
      <Filter>Quelldateien\Ring1\Intrinsic\Multiply</Filter>
    </ClCompile>
    <ClCompile Include="Ring1\Intrinsic\isPowerOfTwo.c">
      <Filter>Quelldateien\Ring1\Intrinsic</Filter>
    </ClCompile>
    <ClCompile Include="Ring1\Intrinsic\NextMultipleOf64\nextMultipleOf64.c">
      <Filter>Quelldateien\Ring1\Intrinsic\NextMultipleOf64</Filter>
    </ClCompile>
    <ClCompile Include="Ring1\Intrinsic\NextMultipleOf32\nextMultipleOf32.c">
      <Filter>Quelldateien\Ring1\Intrinsic\NextMultipleOf32</Filter>
    </ClCompile>
    <ClCompile Include="Ring1\Intrinsic\atomicDecrement.c">
      <Filter>Quelldateien\Ring1\Intrinsic</Filter>
    </ClCompile>
    <ClCompile Include="Ring1\Intrinsic\atomicGet.c">
      <Filter>Quelldateien\Ring1\Intrinsic</Filter>
    </ClCompile>
    <ClCompile Include="Ring1\Memory\Windows\getPageSize.c">
      <Filter>Quelldateien\Ring1\Memory\Windows</Filter>
    </ClCompile>
    <ClCompile Include="Ring1\Intrinsic\atomicIncrement.c">
      <Filter>Quelldateien\Ring1\Intrinsic</Filter>
    </ClCompile>
    <ClCompile Include="Ring1\Intrinsic\maximum.c">
      <Filter>Quelldateien\Ring1\Intrinsic</Filter>
    </ClCompile>
    <ClCompile Include="Ring1\Intrinsic\minimum.c">
      <Filter>Quelldateien\Ring1\Intrinsic</Filter>
    </ClCompile>
    <ClCompile Include="Ring1\Intrinsic\clamp.c">
      <Filter>Quelldateien\Ring1\Intrinsic</Filter>
    </ClCompile>
    <ClCompile Include="Ring1\Intrinsic\Environment.c">
      <Filter>Quelldateien\Ring1\Intrinsic</Filter>
    </ClCompile>
    <ClCompile Include="Ring1\Intrinsic\FloatingPointTypes.c">
      <Filter>Quelldateien\Ring1\Intrinsic</Filter>
    </ClCompile>
    <ClCompile Include="Ring1\Intrinsic\countLeadingZeroes.c">
      <Filter>Quelldateien\Ring1\Intrinsic</Filter>
    </ClCompile>
    <ClCompile Include="Ring1\Intrinsic\nextMultipleOf32.c">
      <Filter>Quelldateien\Ring1\Intrinsic</Filter>
    </ClCompile>
    <ClCompile Include="Ring1\Intrinsic\nextMultipleOf64.c">
      <Filter>Quelldateien\Ring1\Intrinsic</Filter>
    </ClCompile>
    <ClCompile Include="Ring1\Memory.c">
      <Filter>Quelldateien\Ring1</Filter>
    </ClCompile>
    <ClCompile Include="Ring1\Module.c">
      <Filter>Quelldateien\Ring1</Filter>
    </ClCompile>
    <ClCompile Include="Ring1\ReferenceCounter.c">
      <Filter>Quelldateien\Ring1</Filter>
    </ClCompile>
    <ClCompile Include="Ring1\Result.c">
      <Filter>Quelldateien\Ring1</Filter>
    </ClCompile>
    <ClCompile Include="Ring1\Status.c">
      <Filter>Quelldateien\Ring1</Filter>
    </ClCompile>
    <ClCompile Include="Ring1\Test.c">
      <Filter>Quelldateien\Ring1</Filter>
    </ClCompile>
    <ClCompile Include="Ring1\Test\Context.c">
      <Filter>Quelldateien\Ring1\Test</Filter>
    </ClCompile>
    <ClCompile Include="Ring1\Test\Node.c">
      <Filter>Quelldateien\Ring1\Test</Filter>
    </ClCompile>
    <ClCompile Include="Ring1\Memory\recomputeSize.c">
      <Filter>Quelldateien\Ring1\Memory</Filter>
    </ClCompile>
    <ClCompile Include="Ring1\Memory\Statistics.c">
      <Filter>Quelldateien\Ring1\Memory</Filter>
    </ClCompile>
    <ClCompile Include="Ring1\Time.c">
      <Filter>Quelldateien\Ring1</Filter>
    </ClCompile>
    <ClCompile Include="Ring1\Intrinsic\Deprecated.c">
      <Filter>Quelldateien\Ring1\Intrinsic</Filter>
    </ClCompile>
    <ClCompile Include="Ring1\Intrinsic\Inline.c">
      <Filter>Quelldateien\Ring1\Intrinsic</Filter>
    </ClCompile>
    <ClCompile Include="Ring1\ByteBuffer.c">
      <Filter>Quelldateien\Ring1</Filter>
    </ClCompile>
    <ClCompile Include="Ring1\Hash.c">
      <Filter>Quelldateien\Ring1</Filter>
    </ClCompile>
  </ItemGroup>
  <ItemGroup>
    <MASM Include="Ring1\Intrinsic\Multiply\X86\multiply_s8.asm">
      <Filter>Quelldateien\Ring1\Intrinsic\Multiply\X86</Filter>
    </MASM>
    <MASM Include="Ring1\Intrinsic\Multiply\X86\multiply_s16.asm">
      <Filter>Quelldateien\Ring1\Intrinsic\Multiply\X86</Filter>
    </MASM>
    <MASM Include="Ring1\Intrinsic\Multiply\X86\multiply_s32.asm">
      <Filter>Quelldateien\Ring1\Intrinsic\Multiply\X86</Filter>
    </MASM>
    <MASM Include="Ring1\Intrinsic\Multiply\X86\multiply_u8.asm">
      <Filter>Quelldateien\Ring1\Intrinsic\Multiply\X86</Filter>
    </MASM>
    <MASM Include="Ring1\Intrinsic\Multiply\X86\multiply_u16.asm">
      <Filter>Quelldateien\Ring1\Intrinsic\Multiply\X86</Filter>
    </MASM>
    <MASM Include="Ring1\Intrinsic\Multiply\X86\multiply_u32.asm">
      <Filter>Quelldateien\Ring1\Intrinsic\Multiply\X86</Filter>
    </MASM>
    <MASM Include="Ring1\Intrinsic\Multiply\X64\multiply_s8.asm">
      <Filter>Quelldateien\Ring1\Intrinsic\Multiply\X64</Filter>
    </MASM>
    <MASM Include="Ring1\Intrinsic\Multiply\X64\multiply_s16.asm">
      <Filter>Quelldateien\Ring1\Intrinsic\Multiply\X64</Filter>
    </MASM>
    <MASM Include="Ring1\Intrinsic\Multiply\X64\multiply_s32.asm">
      <Filter>Quelldateien\Ring1\Intrinsic\Multiply\X64</Filter>
    </MASM>
    <MASM Include="Ring1\Intrinsic\Multiply\X64\multiply_u8.asm">
      <Filter>Quelldateien\Ring1\Intrinsic\Multiply\X64</Filter>
    </MASM>
    <MASM Include="Ring1\Intrinsic\Multiply\X64\multiply_u16.asm">
      <Filter>Quelldateien\Ring1\Intrinsic\Multiply\X64</Filter>
    </MASM>
    <MASM Include="Ring1\Intrinsic\Multiply\X64\multiply_u32.asm">
      <Filter>Quelldateien\Ring1\Intrinsic\Multiply\X64</Filter>
    </MASM>
  </ItemGroup>
</Project>