<?xml version="1.0" encoding="utf-8"?>
<Project ToolsVersion="4.0" xmlns="http://schemas.microsoft.com/developer/msbuild/2003">
  <ItemGroup>
    <Filter Include="Quelldateien">
      <UniqueIdentifier>{4FC737F1-C7A5-4376-A066-2A32D752A2FF}</UniqueIdentifier>
      <Extensions>cpp;c;cc;cxx;def;odl;idl;hpj;bat;asm;asmx</Extensions>
    </Filter>
    <Filter Include="Headerdateien">
      <UniqueIdentifier>{93995380-89BD-4b04-88EB-625FBE52EBFB}</UniqueIdentifier>
      <Extensions>h;hh;hpp;hxx;hm;inl;inc;ipp;xsd</Extensions>
    </Filter>
    <Filter Include="Headerdateien\Ring1">
      <UniqueIdentifier>{312fe4ae-00d6-4ed1-ba26-5826d91b9aea}</UniqueIdentifier>
    </Filter>
    <Filter Include="Headerdateien\Ring1\Intrinsic">
      <UniqueIdentifier>{da9b2f4d-b49a-45bd-acf3-2bae5705aef4}</UniqueIdentifier>
    </Filter>
    <Filter Include="Headerdateien\Ring1\Intrinsic\Add">
      <UniqueIdentifier>{c778cc72-6028-44a0-810b-945e6240fd8c}</UniqueIdentifier>
    </Filter>
    <Filter Include="Quelldateien\Ring1">
      <UniqueIdentifier>{cb8e3f96-fe83-49b6-9904-e9ebb2fa5114}</UniqueIdentifier>
    </Filter>
    <Filter Include="Headerdateien\Ring1\Intrinsic">
      <UniqueIdentifier>{91faa8f8-7e4e-4f4b-8d13-adb3d59c1bf3}</UniqueIdentifier>
    </Filter>
    <Filter Include="Quelldateien\Ring1\Intrinsic">
      <UniqueIdentifier>{3af6a947-9e13-4e69-bd58-d21a52a51281}</UniqueIdentifier>
    </Filter>
    <Filter Include="Quelldateien\Ring1\Intrinsic\Add">
      <UniqueIdentifier>{93d975b1-6df9-478b-86fe-a1590f28aae0}</UniqueIdentifier>
    </Filter>
    <Filter Include="Quelldateien\Ring1\Intrinsic\Add\X64">
      <UniqueIdentifier>{270c7c3e-c98b-4c2e-bfcb-f9eaec3ac83c}</UniqueIdentifier>
    </Filter>
    <Filter Include="Quelldateien\Ring1\Intrinsic\Add\X86">
      <UniqueIdentifier>{f2372ba0-e0b3-4b23-a4c5-419b75a5d06b}</UniqueIdentifier>
    </Filter>
    <Filter Include="Headerdateien\Ring1\Intrinsic\Add\X86">
      <UniqueIdentifier>{b81f66de-2d7a-4aac-9436-ac4d61808672}</UniqueIdentifier>
    </Filter>
    <Filter Include="Headerdateien\Ring1\Intrinsic\Add\X64">
      <UniqueIdentifier>{b467f926-c2a2-4932-8c0a-5ed81481ff38}</UniqueIdentifier>
    </Filter>
    <MASM Include="Ring1\Intrinsic\Add\X64\add_s8.asm">
      <Filter>Quelldateien\Ring1\Intrinsic\Add\X64</Filter>
    </MASM>
    <MASM Include="Ring1\Intrinsic\Add\X64\add_s16.asm">
      <Filter>Quelldateien\Ring1\Intrinsic\Add\X64</Filter>
    </MASM>
    <MASM Include="Ring1\Intrinsic\Add\X64\add_s32.asm">
      <Filter>Quelldateien\Ring1\Intrinsic\Add\X64</Filter>
    </MASM>
    <MASM Include="Ring1\Intrinsic\Add\X64\add_s64.asm">
      <Filter>Quelldateien\Ring1\Intrinsic\Add\X64</Filter>
    </MASM>
    <MASM Include="Ring1\Intrinsic\Add\X86\add_u8.asm">
      <Filter>Quelldateien\Ring1\Intrinsic\Add\X86</Filter>
    </MASM>
    <MASM Include="Ring1\Intrinsic\Add\X86\add_s8.asm">
      <Filter>Quelldateien\Ring1\Intrinsic\Add\X86</Filter>
    </MASM>
    <MASM Include="Ring1\Intrinsic\Add\X86\add_s16.asm">
      <Filter>Quelldateien\Ring1\Intrinsic\Add\X86</Filter>
    </MASM>
    <MASM Include="Ring1\Intrinsic\Add\X86\add_s32.asm">
      <Filter>Quelldateien\Ring1\Intrinsic\Add\X86</Filter>
    </MASM>
    <MASM Include="Ring1\Intrinsic\Add\X86\add_s64.asm">
      <Filter>Quelldateien\Ring1\Intrinsic\Add\X86</Filter>
    </MASM>
    <MASM Include="Ring1\Intrinsic\Add\X64\add_u8.asm">
      <Filter>Quelldateien\Ring1\Intrinsic\Add\X64</Filter>
    </MASM>
    <MASM Include="Ring1\Intrinsic\Add\X64\add_u16.asm">
      <Filter>Quelldateien\Ring1\Intrinsic\Add\X64</Filter>
    </MASM>
    <MASM Include="Ring1\Intrinsic\Add\X64\add_u32.asm">
      <Filter>Quelldateien\Ring1\Intrinsic\Add\X64</Filter>
    </MASM>
    <MASM Include="Ring1\Intrinsic\Add\X64\add_u64.asm">
      <Filter>Quelldateien\Ring1\Intrinsic\Add\X64</Filter>
    </MASM>
    <MASM Include="Ring1\Intrinsic\Add\X86\add_u64.asm">
      <Filter>Quelldateien\Ring1\Intrinsic\Add\X86</Filter>
    </MASM>
    <MASM Include="Ring1\Intrinsic\Add\X86\add_u16.asm">
      <Filter>Quelldateien\Ring1\Intrinsic\Add\X86</Filter>
    </MASM>
    <MASM Include="Ring1\Intrinsic\Add\X86\add_u32.asm">
      <Filter>Quelldateien\Ring1\Intrinsic\Add\X86</Filter>
    </MASM>
  </ItemGroup>
  <ItemGroup>
    <ClInclude Include="Ring1\Status.h">
      <Filter>Headerdateien\Ring1</Filter>
    </ClInclude>
    <ClInclude Include="Ring1\Result.h">
      <Filter>Headerdateien\Ring1</Filter>
    </ClInclude>
    <ClInclude Include="Ring1\Intrinsic\CheckReturn.h">
      <Filter>Headerdateien\Ring1\Intrinsic</Filter>
    </ClInclude>
    <ClInclude Include="Ring1\Intrinsic\Add\X86\add_s16.h">
      <Filter>Headerdateien\Ring1\Intrinsic\Add\X86</Filter>
    </ClInclude>
    <ClInclude Include="Ring1\Intrinsic\Add\X86\add_s32.h">
      <Filter>Headerdateien\Ring1\Intrinsic\Add\X86</Filter>
    </ClInclude>
    <ClInclude Include="Ring1\Intrinsic\Add\X86\add_s64.h">
      <Filter>Headerdateien\Ring1\Intrinsic\Add\X86</Filter>
    </ClInclude>
    <ClInclude Include="Ring1\Intrinsic\Add\X86\add_u8.h">
      <Filter>Headerdateien\Ring1\Intrinsic\Add\X86</Filter>
    </ClInclude>
    <ClInclude Include="Ring1\Intrinsic\Add\X86\add_u16.h">
      <Filter>Headerdateien\Ring1\Intrinsic\Add\X86</Filter>
    </ClInclude>
    <ClInclude Include="Ring1\Intrinsic\Add\X86\add_u32.h">
      <Filter>Headerdateien\Ring1\Intrinsic\Add\X86</Filter>
    </ClInclude>
    <ClInclude Include="Ring1\Intrinsic\Add\X86\add_u64.h">
      <Filter>Headerdateien\Ring1\Intrinsic\Add\X86</Filter>
    </ClInclude>
    <ClInclude Include="Ring1\Intrinsic\Add\X64\add_s8.h">
      <Filter>Headerdateien\Ring1\Intrinsic\Add\X64</Filter>
    </ClInclude>
    <ClInclude Include="Ring1\Intrinsic\Add\X64\add_s16.h">
      <Filter>Headerdateien\Ring1\Intrinsic\Add\X64</Filter>
    </ClInclude>
    <ClInclude Include="Ring1\Intrinsic\Add\X64\add_s32.h">
      <Filter>Headerdateien\Ring1\Intrinsic\Add\X64</Filter>
    </ClInclude>
    <ClInclude Include="Ring1\Intrinsic\Add\X64\add_s64.h">
      <Filter>Headerdateien\Ring1\Intrinsic\Add\X64</Filter>
    </ClInclude>
    <ClInclude Include="Ring1\Intrinsic\Add\X64\add_u8.h">
      <Filter>Headerdateien\Ring1\Intrinsic\Add\X64</Filter>
    </ClInclude>
    <ClInclude Include="Ring1\Intrinsic\Add\X64\add_u16.h">
      <Filter>Headerdateien\Ring1\Intrinsic\Add\X64</Filter>
    </ClInclude>
    <ClInclude Include="Ring1\Intrinsic\Add\X64\add_u32.h">
      <Filter>Headerdateien\Ring1\Intrinsic\Add\X64</Filter>
    </ClInclude>
    <ClInclude Include="Ring1\Intrinsic\Add\X64\add_u64.h">
      <Filter>Headerdateien\Ring1\Intrinsic\Add\X64</Filter>
    </ClInclude>
    <ClInclude Include="Ring1\Intrinsic\ThreadLocal.h">
      <Filter>Headerdateien\Ring1\Intrinsic</Filter>
    </ClInclude>
    <ClInclude Include="Ring1\Intrinsic\Configuration.h">
      <Filter>Headerdateien\Ring1\Intrinsic</Filter>
    </ClInclude>
    <ClInclude Include="Ring1\Intrinsic\Add\Configuration.h">
      <Filter>Headerdateien\Ring1\Intrinsic\Add</Filter>
    </ClInclude>
    <ClInclude Include="Ring1\Intrinsic\CheckReturn.h">
      <Filter>Headerdateien\Ring1\Intrinsic</Filter>
    </ClInclude>
    <ClInclude Include="Ring1\Intrinsic\Add\add.h">
      <Filter>Headerdateien\Ring1\Intrinsic\Add</Filter>
    </ClInclude>
    <ClInclude Include="Ring1\Intrinsic\Add\X86\add_s8.h">
      <Filter>Headerdateien\Ring1\Intrinsic\Add\X86</Filter>
    </ClInclude>
  </ItemGroup>
  <ItemGroup>
    <ClCompile Include="Ring1\Status.c">
      <Filter>Quelldateien\Ring1</Filter>
    </ClCompile>
    <ClCompile Include="Ring1\Result.c">
      <Filter>Quelldateien\Ring1</Filter>
    </ClCompile>
    <ClCompile Include="Ring1\Intrinsic\CheckReturn.c">
      <Filter>Quelldateien\Ring1\Intrinsic</Filter>
    </ClCompile>
    <ClCompile Include="Ring1\Intrinsic\ThreadLocal.c">
      <Filter>Quelldateien\Ring1\Intrinsic</Filter>
    </ClCompile>
    <ClCompile Include="Ring1\Intrinsic\Add\add.c">
      <Filter>Quelldateien\Ring1\Intrinsic\Add</Filter>
    </ClCompile>
  </ItemGroup>
</Project>